<?xml version="1.0" encoding="utf-8"?>
<Project ToolsVersion="4.0" xmlns="http://schemas.microsoft.com/developer/msbuild/2003">
  <ItemGroup>
    <Filter Include="Quelldateien">
      <UniqueIdentifier>{4FC737F1-C7A5-4376-A066-2A32D752A2FF}</UniqueIdentifier>
      <Extensions>cpp;c;cc;cxx;def;odl;idl;hpj;bat;asm;asmx</Extensions>
    </Filter>
    <Filter Include="Headerdateien">
      <UniqueIdentifier>{93995380-89BD-4b04-88EB-625FBE52EBFB}</UniqueIdentifier>
      <Extensions>h;hh;hpp;hxx;hm;inl;inc;ipp;xsd</Extensions>
    </Filter>
    <Filter Include="Ressourcendateien">
      <UniqueIdentifier>{67DA6AB6-F800-4c08-8B7A-83BB121AAD01}</UniqueIdentifier>
      <Extensions>rc;ico;cur;bmp;dlg;rc2;rct;bin;rgs;gif;jpg;jpeg;jpe;resx;tiff;tif;png;wav;mfcribbon-ms</Extensions>
    </Filter>
    <Filter Include="Ressourcendateien\Tests">
      <UniqueIdentifier>{45d99421-05f7-4085-b74e-695a8a4377e4}</UniqueIdentifier>
    </Filter>
    <Filter Include="Quelldateien\HDF5">
      <UniqueIdentifier>{ebea8f13-613b-4d5d-929c-4d0f78a02eb4}</UniqueIdentifier>
    </Filter>
    <Filter Include="Headerdateien\HDF5">
      <UniqueIdentifier>{69057bb4-4285-4930-a8d0-4351e3ed4492}</UniqueIdentifier>
    </Filter>
    <Filter Include="Headerdateien\Rascaline">
      <UniqueIdentifier>{2956515b-99de-4bf4-957b-7289c85b4f7b}</UniqueIdentifier>
    </Filter>
    <Filter Include="Headerdateien\SALTED">
      <UniqueIdentifier>{68029808-cd9d-47d7-a879-f60a08d33d76}</UniqueIdentifier>
    </Filter>
    <Filter Include="Quelldateien\SALTED">
      <UniqueIdentifier>{411a5573-0e6b-43bd-8cf5-f94a2d53f41a}</UniqueIdentifier>
    </Filter>
    <Filter Include="Headerdateien\libCint">
      <UniqueIdentifier>{1fb1f3f3-df03-481e-9334-54667fc4e5a7}</UniqueIdentifier>
    </Filter>
    <Filter Include="Quelldateien\libCint">
      <UniqueIdentifier>{9a89d622-da09-4a7d-aeb8-e84c75fa0c4f}</UniqueIdentifier>
    </Filter>
    <Filter Include="Headerdateien\mdspan">
      <UniqueIdentifier>{53cebc2e-6707-423c-b1e4-3e8b01ff9900}</UniqueIdentifier>
    </Filter>
  </ItemGroup>
  <ItemGroup>
    <ClCompile Include="../Src/AtomGrid.cpp">
      <Filter>Quelldateien</Filter>
    </ClCompile>
    <ClCompile Include="../Src/basis_set.cpp">
      <Filter>Quelldateien</Filter>
    </ClCompile>
    <ClCompile Include="../Src/convenience.cpp">
      <Filter>Quelldateien</Filter>
    </ClCompile>
    <ClCompile Include="../Src/cube.cpp">
      <Filter>Quelldateien</Filter>
    </ClCompile>
    <ClCompile Include="../Src/fchk.cpp">
      <Filter>Quelldateien</Filter>
    </ClCompile>
    <ClCompile Include="../Src/sphere_lebedev_rule.cpp">
      <Filter>Quelldateien</Filter>
    </ClCompile>
    <ClCompile Include="../Src/scattering_factors.cpp">
      <Filter>Quelldateien</Filter>
    </ClCompile>
    <ClCompile Include="../Src/wfn_class.cpp">
      <Filter>Quelldateien</Filter>
    </ClCompile>
    <ClCompile Include="../Src/properties.cpp">
      <Filter>Quelldateien</Filter>
    </ClCompile>
    <ClCompile Include="../Src/NoSpherA2.cpp">
      <Filter>Quelldateien</Filter>
    </ClCompile>
    <ClCompile Include="../Src/spherical_density.cpp">
      <Filter>Quelldateien</Filter>
    </ClCompile>
    <ClCompile Include="..\Src\atoms.cpp">
      <Filter>Quelldateien</Filter>
    </ClCompile>
    <ClCompile Include="..\Src\JKFit.cpp">
      <Filter>Quelldateien</Filter>
    </ClCompile>
    <ClCompile Include="..\Lib\H5AbstractDs.cpp">
      <Filter>Quelldateien\HDF5</Filter>
    </ClCompile>
    <ClCompile Include="..\Lib\H5ArrayType.cpp">
      <Filter>Quelldateien\HDF5</Filter>
    </ClCompile>
    <ClCompile Include="..\Lib\H5AtomType.cpp">
      <Filter>Quelldateien\HDF5</Filter>
    </ClCompile>
    <ClCompile Include="..\Lib\H5Attribute.cpp">
      <Filter>Quelldateien\HDF5</Filter>
    </ClCompile>
    <ClCompile Include="..\Lib\H5CommonFG.cpp">
      <Filter>Quelldateien\HDF5</Filter>
    </ClCompile>
    <ClCompile Include="..\Lib\H5CompType.cpp">
      <Filter>Quelldateien\HDF5</Filter>
    </ClCompile>
    <ClCompile Include="..\Lib\H5DaccProp.cpp">
      <Filter>Quelldateien\HDF5</Filter>
    </ClCompile>
    <ClCompile Include="..\Lib\H5DataSet.cpp">
      <Filter>Quelldateien\HDF5</Filter>
    </ClCompile>
    <ClCompile Include="..\Lib\H5DataSpace.cpp">
      <Filter>Quelldateien\HDF5</Filter>
    </ClCompile>
    <ClCompile Include="..\Lib\H5DataType.cpp">
      <Filter>Quelldateien\HDF5</Filter>
    </ClCompile>
    <ClCompile Include="..\Lib\H5DcreatProp.cpp">
      <Filter>Quelldateien\HDF5</Filter>
    </ClCompile>
    <ClCompile Include="..\Lib\H5DxferProp.cpp">
      <Filter>Quelldateien\HDF5</Filter>
    </ClCompile>
    <ClCompile Include="..\Lib\H5EnumType.cpp">
      <Filter>Quelldateien\HDF5</Filter>
    </ClCompile>
    <ClCompile Include="..\Lib\H5Exception.cpp">
      <Filter>Quelldateien\HDF5</Filter>
    </ClCompile>
    <ClCompile Include="..\Lib\H5FaccProp.cpp">
      <Filter>Quelldateien\HDF5</Filter>
    </ClCompile>
    <ClCompile Include="..\Lib\H5FcreatProp.cpp">
      <Filter>Quelldateien\HDF5</Filter>
    </ClCompile>
    <ClCompile Include="..\Lib\H5File.cpp">
      <Filter>Quelldateien\HDF5</Filter>
    </ClCompile>
    <ClCompile Include="..\Lib\H5FloatType.cpp">
      <Filter>Quelldateien\HDF5</Filter>
    </ClCompile>
    <ClCompile Include="..\Lib\H5Group.cpp">
      <Filter>Quelldateien\HDF5</Filter>
    </ClCompile>
    <ClCompile Include="..\Lib\H5IdComponent.cpp">
      <Filter>Quelldateien\HDF5</Filter>
    </ClCompile>
    <ClCompile Include="..\Lib\H5IntType.cpp">
      <Filter>Quelldateien\HDF5</Filter>
    </ClCompile>
    <ClCompile Include="..\Lib\H5LaccProp.cpp">
      <Filter>Quelldateien\HDF5</Filter>
    </ClCompile>
    <ClCompile Include="..\Lib\H5LcreatProp.cpp">
      <Filter>Quelldateien\HDF5</Filter>
    </ClCompile>
    <ClCompile Include="..\Lib\H5Library.cpp">
      <Filter>Quelldateien\HDF5</Filter>
    </ClCompile>
    <ClCompile Include="..\Lib\H5Location.cpp">
      <Filter>Quelldateien\HDF5</Filter>
    </ClCompile>
    <ClCompile Include="..\Lib\H5Object.cpp">
      <Filter>Quelldateien\HDF5</Filter>
    </ClCompile>
    <ClCompile Include="..\Lib\H5OcreatProp.cpp">
      <Filter>Quelldateien\HDF5</Filter>
    </ClCompile>
    <ClCompile Include="..\Lib\H5PredType.cpp">
      <Filter>Quelldateien\HDF5</Filter>
    </ClCompile>
    <ClCompile Include="..\Lib\H5PropList.cpp">
      <Filter>Quelldateien\HDF5</Filter>
    </ClCompile>
    <ClCompile Include="..\Lib\H5StrType.cpp">
      <Filter>Quelldateien\HDF5</Filter>
    </ClCompile>
    <ClCompile Include="..\Lib\H5VarLenType.cpp">
      <Filter>Quelldateien\HDF5</Filter>
    </ClCompile>
    <ClCompile Include="..\Src\SALTED_io.cpp">
      <Filter>Quelldateien\SALTED</Filter>
    </ClCompile>
    <ClCompile Include="..\Src\SALTED_equicomb.cpp">
      <Filter>Quelldateien\SALTED</Filter>
    </ClCompile>
    <ClCompile Include="..\Src\SALTED_utilities.cpp">
      <Filter>Quelldateien\SALTED</Filter>
    </ClCompile>
    <ClCompile Include="..\Src\SALTED_predictor.cpp">
      <Filter>Quelldateien\SALTED</Filter>
    </ClCompile>
    <ClCompile Include="..\Src\constants.cpp">
      <Filter>Quelldateien</Filter>
    </ClCompile>
    <ClCompile Include="..\Src\ECPs_corrections.cpp">
      <Filter>Quelldateien</Filter>
    </ClCompile>
    <ClCompile Include="..\Src\isosurface.cpp">
      <Filter>Quelldateien</Filter>
    </ClCompile>
    <ClCompile Include="..\Src\integrator.cpp">
      <Filter>Quelldateien\libCint</Filter>
    </ClCompile>
    <ClCompile Include="..\Src\cart2sph.cpp">
      <Filter>Quelldateien\libCint</Filter>
    </ClCompile>
    <ClCompile Include="..\Src\integration_params.cpp">
      <Filter>Quelldateien\libCint</Filter>
    </ClCompile>
    <ClCompile Include="..\Src\rys_roots.cpp">
      <Filter>Quelldateien\libCint</Filter>
    </ClCompile>
    <ClCompile Include="..\Src\int_optimizer.cpp">
      <Filter>Quelldateien\libCint</Filter>
    </ClCompile>
    <ClCompile Include="..\Src\int_g2e.cpp">
      <Filter>Quelldateien\libCint</Filter>
    </ClCompile>
    <ClCompile Include="..\Src\libCintMain.cpp">
      <Filter>Quelldateien\libCint</Filter>
    </ClCompile>
    <ClCompile Include="..\Src\nos_math.cpp">
      <Filter>Quelldateien</Filter>
    </ClCompile>
    <ClCompile Include="..\Src\pch.cpp">
      <Filter>Quelldateien</Filter>
    </ClCompile>
  </ItemGroup>
  <ItemGroup>
    <ClInclude Include="../Src/AtomGrid.h">
      <Filter>Headerdateien</Filter>
    </ClInclude>
    <ClInclude Include="../Src/atoms.h">
      <Filter>Headerdateien</Filter>
    </ClInclude>
    <ClInclude Include="../Src/basis_set.h">
      <Filter>Headerdateien</Filter>
    </ClInclude>
    <ClInclude Include="../Src/convenience.h">
      <Filter>Headerdateien</Filter>
    </ClInclude>
    <ClInclude Include="../Src/cube.h">
      <Filter>Headerdateien</Filter>
    </ClInclude>
    <ClInclude Include="../Src/fchk.h">
      <Filter>Headerdateien</Filter>
    </ClInclude>
    <ClInclude Include="../Src/mo_class.h">
      <Filter>Headerdateien</Filter>
    </ClInclude>
    <ClInclude Include="../Src/sphere_lebedev_rule.h">
      <Filter>Headerdateien</Filter>
    </ClInclude>
    <ClInclude Include="../Src/scattering_factors.h">
      <Filter>Headerdateien</Filter>
    </ClInclude>
    <ClInclude Include="../Src/wfn_class.h">
      <Filter>Headerdateien</Filter>
    </ClInclude>
    <ClInclude Include="../Src/properties.h">
      <Filter>Headerdateien</Filter>
    </ClInclude>
    <ClInclude Include="../Src/spherical_density.h">
      <Filter>Headerdateien</Filter>
    </ClInclude>
    <ClInclude Include="../Src/cell.h">
      <Filter>Headerdateien</Filter>
    </ClInclude>
    <ClInclude Include="../Src/tsc_block.h">
      <Filter>Headerdateien</Filter>
    </ClInclude>
    <ClInclude Include="../Src/CUDA_utilities.h">
      <Filter>Headerdateien</Filter>
    </ClInclude>
    <ClInclude Include="../Src/test_functions.h">
      <Filter>Headerdateien</Filter>
    </ClInclude>
    <ClInclude Include="../Src/npy.h">
      <Filter>Headerdateien</Filter>
    </ClInclude>
    <ClInclude Include="../Src/Thakkar_coefs.h">
      <Filter>Headerdateien</Filter>
    </ClInclude>
    <ClInclude Include="..\Src\ECPs_corrections.h">
      <Filter>Headerdateien</Filter>
    </ClInclude>
    <ClInclude Include="../Src/def2-ECPs_GA.h">
      <Filter>Headerdateien</Filter>
    </ClInclude>
    <ClInclude Include="..\Src\JKFit.h">
      <Filter>Headerdateien</Filter>
    </ClInclude>
    <ClInclude Include="..\Lib\H5AbstractDs.h">
      <Filter>Headerdateien\HDF5</Filter>
    </ClInclude>
    <ClInclude Include="..\Lib\H5ACmodule.h">
      <Filter>Headerdateien\HDF5</Filter>
    </ClInclude>
    <ClInclude Include="..\Lib\H5ACpkg.h">
      <Filter>Headerdateien\HDF5</Filter>
    </ClInclude>
    <ClInclude Include="..\Lib\H5ACprivate.h">
      <Filter>Headerdateien\HDF5</Filter>
    </ClInclude>
    <ClInclude Include="..\Lib\H5ACpublic.h">
      <Filter>Headerdateien\HDF5</Filter>
    </ClInclude>
    <ClInclude Include="..\Lib\H5Alltypes.h">
      <Filter>Headerdateien\HDF5</Filter>
    </ClInclude>
    <ClInclude Include="..\Lib\H5Amodule.h">
      <Filter>Headerdateien\HDF5</Filter>
    </ClInclude>
    <ClInclude Include="..\Lib\H5api_adpt.h">
      <Filter>Headerdateien\HDF5</Filter>
    </ClInclude>
    <ClInclude Include="..\Lib\H5Apkg.h">
      <Filter>Headerdateien\HDF5</Filter>
    </ClInclude>
    <ClInclude Include="..\Lib\H5Aprivate.h">
      <Filter>Headerdateien\HDF5</Filter>
    </ClInclude>
    <ClInclude Include="..\Lib\H5Apublic.h">
      <Filter>Headerdateien\HDF5</Filter>
    </ClInclude>
    <ClInclude Include="..\Lib\H5ArrayType.h">
      <Filter>Headerdateien\HDF5</Filter>
    </ClInclude>
    <ClInclude Include="..\Lib\H5AtomType.h">
      <Filter>Headerdateien\HDF5</Filter>
    </ClInclude>
    <ClInclude Include="..\Lib\H5Attribute.h">
      <Filter>Headerdateien\HDF5</Filter>
    </ClInclude>
    <ClInclude Include="..\Lib\H5B2module.h">
      <Filter>Headerdateien\HDF5</Filter>
    </ClInclude>
    <ClInclude Include="..\Lib\H5B2pkg.h">
      <Filter>Headerdateien\HDF5</Filter>
    </ClInclude>
    <ClInclude Include="..\Lib\H5B2private.h">
      <Filter>Headerdateien\HDF5</Filter>
    </ClInclude>
    <ClInclude Include="..\Lib\H5Bmodule.h">
      <Filter>Headerdateien\HDF5</Filter>
    </ClInclude>
    <ClInclude Include="..\Lib\H5Bpkg.h">
      <Filter>Headerdateien\HDF5</Filter>
    </ClInclude>
    <ClInclude Include="..\Lib\H5Bprivate.h">
      <Filter>Headerdateien\HDF5</Filter>
    </ClInclude>
    <ClInclude Include="..\Lib\H5Classes.h">
      <Filter>Headerdateien\HDF5</Filter>
    </ClInclude>
    <ClInclude Include="..\Lib\H5Clog.h">
      <Filter>Headerdateien\HDF5</Filter>
    </ClInclude>
    <ClInclude Include="..\Lib\H5Cmodule.h">
      <Filter>Headerdateien\HDF5</Filter>
    </ClInclude>
    <ClInclude Include="..\Lib\H5CommonFG.h">
      <Filter>Headerdateien\HDF5</Filter>
    </ClInclude>
    <ClInclude Include="..\Lib\H5CompType.h">
      <Filter>Headerdateien\HDF5</Filter>
    </ClInclude>
    <ClInclude Include="..\Lib\H5Cpkg.h">
      <Filter>Headerdateien\HDF5</Filter>
    </ClInclude>
    <ClInclude Include="..\Lib\H5Cpp.h">
      <Filter>Headerdateien\HDF5</Filter>
    </ClInclude>
    <ClInclude Include="..\Lib\H5CppDoc.h">
      <Filter>Headerdateien\HDF5</Filter>
    </ClInclude>
    <ClInclude Include="..\Lib\H5Cprivate.h">
      <Filter>Headerdateien\HDF5</Filter>
    </ClInclude>
    <ClInclude Include="..\Lib\H5Cpublic.h">
      <Filter>Headerdateien\HDF5</Filter>
    </ClInclude>
    <ClInclude Include="..\Lib\H5CXmodule.h">
      <Filter>Headerdateien\HDF5</Filter>
    </ClInclude>
    <ClInclude Include="..\Lib\H5CXprivate.h">
      <Filter>Headerdateien\HDF5</Filter>
    </ClInclude>
    <ClInclude Include="..\Lib\H5DaccProp.h">
      <Filter>Headerdateien\HDF5</Filter>
    </ClInclude>
    <ClInclude Include="..\Lib\H5DataSet.h">
      <Filter>Headerdateien\HDF5</Filter>
    </ClInclude>
    <ClInclude Include="..\Lib\H5DataSpace.h">
      <Filter>Headerdateien\HDF5</Filter>
    </ClInclude>
    <ClInclude Include="..\Lib\H5DataType.h">
      <Filter>Headerdateien\HDF5</Filter>
    </ClInclude>
    <ClInclude Include="..\Lib\H5DcreatProp.h">
      <Filter>Headerdateien\HDF5</Filter>
    </ClInclude>
    <ClInclude Include="..\Lib\H5Dmodule.h">
      <Filter>Headerdateien\HDF5</Filter>
    </ClInclude>
    <ClInclude Include="..\Lib\H5Dpkg.h">
      <Filter>Headerdateien\HDF5</Filter>
    </ClInclude>
    <ClInclude Include="..\Lib\H5Dprivate.h">
      <Filter>Headerdateien\HDF5</Filter>
    </ClInclude>
    <ClInclude Include="..\Lib\H5Dpublic.h">
      <Filter>Headerdateien\HDF5</Filter>
    </ClInclude>
    <ClInclude Include="..\Lib\H5DxferProp.h">
      <Filter>Headerdateien\HDF5</Filter>
    </ClInclude>
    <ClInclude Include="..\Lib\H5EAmodule.h">
      <Filter>Headerdateien\HDF5</Filter>
    </ClInclude>
    <ClInclude Include="..\Lib\H5EApkg.h">
      <Filter>Headerdateien\HDF5</Filter>
    </ClInclude>
    <ClInclude Include="..\Lib\H5EAprivate.h">
      <Filter>Headerdateien\HDF5</Filter>
    </ClInclude>
    <ClInclude Include="..\Lib\H5Edefin.h">
      <Filter>Headerdateien\HDF5</Filter>
    </ClInclude>
    <ClInclude Include="..\Lib\H5Einit.h">
      <Filter>Headerdateien\HDF5</Filter>
    </ClInclude>
    <ClInclude Include="..\Lib\H5Emajdef.h">
      <Filter>Headerdateien\HDF5</Filter>
    </ClInclude>
    <ClInclude Include="..\Lib\H5Emindef.h">
      <Filter>Headerdateien\HDF5</Filter>
    </ClInclude>
    <ClInclude Include="..\Lib\H5Emodule.h">
      <Filter>Headerdateien\HDF5</Filter>
    </ClInclude>
    <ClInclude Include="..\Lib\H5encode.h">
      <Filter>Headerdateien\HDF5</Filter>
    </ClInclude>
    <ClInclude Include="..\Lib\H5EnumType.h">
      <Filter>Headerdateien\HDF5</Filter>
    </ClInclude>
    <ClInclude Include="..\Lib\H5Epkg.h">
      <Filter>Headerdateien\HDF5</Filter>
    </ClInclude>
    <ClInclude Include="..\Lib\H5Eprivate.h">
      <Filter>Headerdateien\HDF5</Filter>
    </ClInclude>
    <ClInclude Include="..\Lib\H5Epubgen.h">
      <Filter>Headerdateien\HDF5</Filter>
    </ClInclude>
    <ClInclude Include="..\Lib\H5Epublic.h">
      <Filter>Headerdateien\HDF5</Filter>
    </ClInclude>
    <ClInclude Include="..\Lib\H5ESdevelop.h">
      <Filter>Headerdateien\HDF5</Filter>
    </ClInclude>
    <ClInclude Include="..\Lib\H5ESmodule.h">
      <Filter>Headerdateien\HDF5</Filter>
    </ClInclude>
    <ClInclude Include="..\Lib\H5ESpkg.h">
      <Filter>Headerdateien\HDF5</Filter>
    </ClInclude>
    <ClInclude Include="..\Lib\H5ESprivate.h">
      <Filter>Headerdateien\HDF5</Filter>
    </ClInclude>
    <ClInclude Include="..\Lib\H5ESpublic.h">
      <Filter>Headerdateien\HDF5</Filter>
    </ClInclude>
    <ClInclude Include="..\Lib\H5Eterm.h">
      <Filter>Headerdateien\HDF5</Filter>
    </ClInclude>
    <ClInclude Include="..\Lib\H5Exception.h">
      <Filter>Headerdateien\HDF5</Filter>
    </ClInclude>
    <ClInclude Include="..\Lib\H5FaccProp.h">
      <Filter>Headerdateien\HDF5</Filter>
    </ClInclude>
    <ClInclude Include="..\Lib\H5FAmodule.h">
      <Filter>Headerdateien\HDF5</Filter>
    </ClInclude>
    <ClInclude Include="..\Lib\H5FApkg.h">
      <Filter>Headerdateien\HDF5</Filter>
    </ClInclude>
    <ClInclude Include="..\Lib\H5FAprivate.h">
      <Filter>Headerdateien\HDF5</Filter>
    </ClInclude>
    <ClInclude Include="..\Lib\H5FcreatProp.h">
      <Filter>Headerdateien\HDF5</Filter>
    </ClInclude>
    <ClInclude Include="..\Lib\H5FDcore.h">
      <Filter>Headerdateien\HDF5</Filter>
    </ClInclude>
    <ClInclude Include="..\Lib\H5FDdevelop.h">
      <Filter>Headerdateien\HDF5</Filter>
    </ClInclude>
    <ClInclude Include="..\Lib\H5FDdirect.h">
      <Filter>Headerdateien\HDF5</Filter>
    </ClInclude>
    <ClInclude Include="..\Lib\H5FDdrvr_module.h">
      <Filter>Headerdateien\HDF5</Filter>
    </ClInclude>
    <ClInclude Include="..\Lib\H5FDfamily.h">
      <Filter>Headerdateien\HDF5</Filter>
    </ClInclude>
    <ClInclude Include="..\Lib\H5FDhdfs.h">
      <Filter>Headerdateien\HDF5</Filter>
    </ClInclude>
    <ClInclude Include="..\Lib\H5FDlog.h">
      <Filter>Headerdateien\HDF5</Filter>
    </ClInclude>
    <ClInclude Include="..\Lib\H5FDmirror.h">
      <Filter>Headerdateien\HDF5</Filter>
    </ClInclude>
    <ClInclude Include="..\Lib\H5FDmirror_priv.h">
      <Filter>Headerdateien\HDF5</Filter>
    </ClInclude>
    <ClInclude Include="..\Lib\H5FDmodule.h">
      <Filter>Headerdateien\HDF5</Filter>
    </ClInclude>
    <ClInclude Include="..\Lib\H5FDmpi.h">
      <Filter>Headerdateien\HDF5</Filter>
    </ClInclude>
    <ClInclude Include="..\Lib\H5FDmpio.h">
      <Filter>Headerdateien\HDF5</Filter>
    </ClInclude>
    <ClInclude Include="..\Lib\H5FDmulti.h">
      <Filter>Headerdateien\HDF5</Filter>
    </ClInclude>
    <ClInclude Include="..\Lib\H5FDonion.h">
      <Filter>Headerdateien\HDF5</Filter>
    </ClInclude>
    <ClInclude Include="..\Lib\H5FDonion_header.h">
      <Filter>Headerdateien\HDF5</Filter>
    </ClInclude>
    <ClInclude Include="..\Lib\H5FDonion_history.h">
      <Filter>Headerdateien\HDF5</Filter>
    </ClInclude>
    <ClInclude Include="..\Lib\H5FDonion_index.h">
      <Filter>Headerdateien\HDF5</Filter>
    </ClInclude>
    <ClInclude Include="..\Lib\H5FDonion_priv.h">
      <Filter>Headerdateien\HDF5</Filter>
    </ClInclude>
    <ClInclude Include="..\Lib\H5FDpkg.h">
      <Filter>Headerdateien\HDF5</Filter>
    </ClInclude>
    <ClInclude Include="..\Lib\H5FDprivate.h">
      <Filter>Headerdateien\HDF5</Filter>
    </ClInclude>
    <ClInclude Include="..\Lib\H5FDpublic.h">
      <Filter>Headerdateien\HDF5</Filter>
    </ClInclude>
    <ClInclude Include="..\Lib\H5FDros3.h">
      <Filter>Headerdateien\HDF5</Filter>
    </ClInclude>
    <ClInclude Include="..\Lib\H5FDs3comms.h">
      <Filter>Headerdateien\HDF5</Filter>
    </ClInclude>
    <ClInclude Include="..\Lib\H5FDsec2.h">
      <Filter>Headerdateien\HDF5</Filter>
    </ClInclude>
    <ClInclude Include="..\Lib\H5FDsplitter.h">
      <Filter>Headerdateien\HDF5</Filter>
    </ClInclude>
    <ClInclude Include="..\Lib\H5FDstdio.h">
      <Filter>Headerdateien\HDF5</Filter>
    </ClInclude>
    <ClInclude Include="..\Lib\H5FDwindows.h">
      <Filter>Headerdateien\HDF5</Filter>
    </ClInclude>
    <ClInclude Include="..\Lib\H5File.h">
      <Filter>Headerdateien\HDF5</Filter>
    </ClInclude>
    <ClInclude Include="..\Lib\H5FLmodule.h">
      <Filter>Headerdateien\HDF5</Filter>
    </ClInclude>
    <ClInclude Include="..\Lib\H5FloatType.h">
      <Filter>Headerdateien\HDF5</Filter>
    </ClInclude>
    <ClInclude Include="..\Lib\H5FLprivate.h">
      <Filter>Headerdateien\HDF5</Filter>
    </ClInclude>
    <ClInclude Include="..\Lib\H5Fmodule.h">
      <Filter>Headerdateien\HDF5</Filter>
    </ClInclude>
    <ClInclude Include="..\Lib\H5FOprivate.h">
      <Filter>Headerdateien\HDF5</Filter>
    </ClInclude>
    <ClInclude Include="..\Lib\H5Fpkg.h">
      <Filter>Headerdateien\HDF5</Filter>
    </ClInclude>
    <ClInclude Include="..\Lib\H5Fprivate.h">
      <Filter>Headerdateien\HDF5</Filter>
    </ClInclude>
    <ClInclude Include="..\Lib\H5Fpublic.h">
      <Filter>Headerdateien\HDF5</Filter>
    </ClInclude>
    <ClInclude Include="..\Lib\H5FSmodule.h">
      <Filter>Headerdateien\HDF5</Filter>
    </ClInclude>
    <ClInclude Include="..\Lib\H5FSpkg.h">
      <Filter>Headerdateien\HDF5</Filter>
    </ClInclude>
    <ClInclude Include="..\Lib\H5FSprivate.h">
      <Filter>Headerdateien\HDF5</Filter>
    </ClInclude>
    <ClInclude Include="..\Lib\H5Gmodule.h">
      <Filter>Headerdateien\HDF5</Filter>
    </ClInclude>
    <ClInclude Include="..\Lib\H5Gpkg.h">
      <Filter>Headerdateien\HDF5</Filter>
    </ClInclude>
    <ClInclude Include="..\Lib\H5Gprivate.h">
      <Filter>Headerdateien\HDF5</Filter>
    </ClInclude>
    <ClInclude Include="..\Lib\H5Gpublic.h">
      <Filter>Headerdateien\HDF5</Filter>
    </ClInclude>
    <ClInclude Include="..\Lib\H5Group.h">
      <Filter>Headerdateien\HDF5</Filter>
    </ClInclude>
    <ClInclude Include="..\Lib\H5HFmodule.h">
      <Filter>Headerdateien\HDF5</Filter>
    </ClInclude>
    <ClInclude Include="..\Lib\H5HFpkg.h">
      <Filter>Headerdateien\HDF5</Filter>
    </ClInclude>
    <ClInclude Include="..\Lib\H5HFprivate.h">
      <Filter>Headerdateien\HDF5</Filter>
    </ClInclude>
    <ClInclude Include="..\Lib\H5HGmodule.h">
      <Filter>Headerdateien\HDF5</Filter>
    </ClInclude>
    <ClInclude Include="..\Lib\H5HGpkg.h">
      <Filter>Headerdateien\HDF5</Filter>
    </ClInclude>
    <ClInclude Include="..\Lib\H5HGprivate.h">
      <Filter>Headerdateien\HDF5</Filter>
    </ClInclude>
    <ClInclude Include="..\Lib\H5HLmodule.h">
      <Filter>Headerdateien\HDF5</Filter>
    </ClInclude>
    <ClInclude Include="..\Lib\H5HLpkg.h">
      <Filter>Headerdateien\HDF5</Filter>
    </ClInclude>
    <ClInclude Include="..\Lib\H5HLprivate.h">
      <Filter>Headerdateien\HDF5</Filter>
    </ClInclude>
    <ClInclude Include="..\Lib\H5IdComponent.h">
      <Filter>Headerdateien\HDF5</Filter>
    </ClInclude>
    <ClInclude Include="..\Lib\H5Idevelop.h">
      <Filter>Headerdateien\HDF5</Filter>
    </ClInclude>
    <ClInclude Include="..\Lib\H5Imodule.h">
      <Filter>Headerdateien\HDF5</Filter>
    </ClInclude>
    <ClInclude Include="..\Lib\H5Include.h">
      <Filter>Headerdateien\HDF5</Filter>
    </ClInclude>
    <ClInclude Include="..\Lib\H5IntType.h">
      <Filter>Headerdateien\HDF5</Filter>
    </ClInclude>
    <ClInclude Include="..\Lib\H5Ipkg.h">
      <Filter>Headerdateien\HDF5</Filter>
    </ClInclude>
    <ClInclude Include="..\Lib\H5Iprivate.h">
      <Filter>Headerdateien\HDF5</Filter>
    </ClInclude>
    <ClInclude Include="..\Lib\H5Ipublic.h">
      <Filter>Headerdateien\HDF5</Filter>
    </ClInclude>
    <ClInclude Include="..\Lib\H5LaccProp.h">
      <Filter>Headerdateien\HDF5</Filter>
    </ClInclude>
    <ClInclude Include="..\Lib\H5LcreatProp.h">
      <Filter>Headerdateien\HDF5</Filter>
    </ClInclude>
    <ClInclude Include="..\Lib\H5Ldevelop.h">
      <Filter>Headerdateien\HDF5</Filter>
    </ClInclude>
    <ClInclude Include="..\Lib\H5Library.h">
      <Filter>Headerdateien\HDF5</Filter>
    </ClInclude>
    <ClInclude Include="..\Lib\H5Lmodule.h">
      <Filter>Headerdateien\HDF5</Filter>
    </ClInclude>
    <ClInclude Include="..\Lib\H5Location.h">
      <Filter>Headerdateien\HDF5</Filter>
    </ClInclude>
    <ClInclude Include="..\Lib\H5Lpkg.h">
      <Filter>Headerdateien\HDF5</Filter>
    </ClInclude>
    <ClInclude Include="..\Lib\H5Lprivate.h">
      <Filter>Headerdateien\HDF5</Filter>
    </ClInclude>
    <ClInclude Include="..\Lib\H5Lpublic.h">
      <Filter>Headerdateien\HDF5</Filter>
    </ClInclude>
    <ClInclude Include="..\Lib\H5MFmodule.h">
      <Filter>Headerdateien\HDF5</Filter>
    </ClInclude>
    <ClInclude Include="..\Lib\H5MFpkg.h">
      <Filter>Headerdateien\HDF5</Filter>
    </ClInclude>
    <ClInclude Include="..\Lib\H5MFprivate.h">
      <Filter>Headerdateien\HDF5</Filter>
    </ClInclude>
    <ClInclude Include="..\Lib\H5Mmodule.h">
      <Filter>Headerdateien\HDF5</Filter>
    </ClInclude>
    <ClInclude Include="..\Lib\H5MMprivate.h">
      <Filter>Headerdateien\HDF5</Filter>
    </ClInclude>
    <ClInclude Include="..\Lib\H5MMpublic.h">
      <Filter>Headerdateien\HDF5</Filter>
    </ClInclude>
    <ClInclude Include="..\Lib\H5module.h">
      <Filter>Headerdateien\HDF5</Filter>
    </ClInclude>
    <ClInclude Include="..\Lib\H5Mpkg.h">
      <Filter>Headerdateien\HDF5</Filter>
    </ClInclude>
    <ClInclude Include="..\Lib\H5Mprivate.h">
      <Filter>Headerdateien\HDF5</Filter>
    </ClInclude>
    <ClInclude Include="..\Lib\H5Mpublic.h">
      <Filter>Headerdateien\HDF5</Filter>
    </ClInclude>
    <ClInclude Include="..\Lib\H5Object.h">
      <Filter>Headerdateien\HDF5</Filter>
    </ClInclude>
    <ClInclude Include="..\Lib\H5OcreatProp.h">
      <Filter>Headerdateien\HDF5</Filter>
    </ClInclude>
    <ClInclude Include="..\Lib\H5Omodule.h">
      <Filter>Headerdateien\HDF5</Filter>
    </ClInclude>
    <ClInclude Include="..\Lib\H5Opkg.h">
      <Filter>Headerdateien\HDF5</Filter>
    </ClInclude>
    <ClInclude Include="..\Lib\H5Oprivate.h">
      <Filter>Headerdateien\HDF5</Filter>
    </ClInclude>
    <ClInclude Include="..\Lib\H5Opublic.h">
      <Filter>Headerdateien\HDF5</Filter>
    </ClInclude>
    <ClInclude Include="..\Lib\H5Oshared.h">
      <Filter>Headerdateien\HDF5</Filter>
    </ClInclude>
    <ClInclude Include="..\Lib\H5overflow.h">
      <Filter>Headerdateien\HDF5</Filter>
    </ClInclude>
    <ClInclude Include="..\Lib\H5PBmodule.h">
      <Filter>Headerdateien\HDF5</Filter>
    </ClInclude>
    <ClInclude Include="..\Lib\H5PBpkg.h">
      <Filter>Headerdateien\HDF5</Filter>
    </ClInclude>
    <ClInclude Include="..\Lib\H5PBprivate.h">
      <Filter>Headerdateien\HDF5</Filter>
    </ClInclude>
    <ClInclude Include="..\Lib\H5PLextern.h">
      <Filter>Headerdateien\HDF5</Filter>
    </ClInclude>
    <ClInclude Include="..\Lib\H5PLmodule.h">
      <Filter>Headerdateien\HDF5</Filter>
    </ClInclude>
    <ClInclude Include="..\Lib\H5PLpkg.h">
      <Filter>Headerdateien\HDF5</Filter>
    </ClInclude>
    <ClInclude Include="..\Lib\H5PLprivate.h">
      <Filter>Headerdateien\HDF5</Filter>
    </ClInclude>
    <ClInclude Include="..\Lib\H5PLpublic.h">
      <Filter>Headerdateien\HDF5</Filter>
    </ClInclude>
    <ClInclude Include="..\Lib\H5Pmodule.h">
      <Filter>Headerdateien\HDF5</Filter>
    </ClInclude>
    <ClInclude Include="..\Lib\H5Ppkg.h">
      <Filter>Headerdateien\HDF5</Filter>
    </ClInclude>
    <ClInclude Include="..\Lib\H5Pprivate.h">
      <Filter>Headerdateien\HDF5</Filter>
    </ClInclude>
    <ClInclude Include="..\Lib\H5Ppublic.h">
      <Filter>Headerdateien\HDF5</Filter>
    </ClInclude>
    <ClInclude Include="..\Lib\H5PredType.h">
      <Filter>Headerdateien\HDF5</Filter>
    </ClInclude>
    <ClInclude Include="..\Lib\H5private.h">
      <Filter>Headerdateien\HDF5</Filter>
    </ClInclude>
    <ClInclude Include="..\Lib\H5PropList.h">
      <Filter>Headerdateien\HDF5</Filter>
    </ClInclude>
    <ClInclude Include="..\Lib\H5pubconf.h">
      <Filter>Headerdateien\HDF5</Filter>
    </ClInclude>
    <ClInclude Include="..\Lib\H5public.h">
      <Filter>Headerdateien\HDF5</Filter>
    </ClInclude>
    <ClInclude Include="..\Lib\H5Rmodule.h">
      <Filter>Headerdateien\HDF5</Filter>
    </ClInclude>
    <ClInclude Include="..\Lib\H5Rpkg.h">
      <Filter>Headerdateien\HDF5</Filter>
    </ClInclude>
    <ClInclude Include="..\Lib\H5Rprivate.h">
      <Filter>Headerdateien\HDF5</Filter>
    </ClInclude>
    <ClInclude Include="..\Lib\H5Rpublic.h">
      <Filter>Headerdateien\HDF5</Filter>
    </ClInclude>
    <ClInclude Include="..\Lib\H5RSmodule.h">
      <Filter>Headerdateien\HDF5</Filter>
    </ClInclude>
    <ClInclude Include="..\Lib\H5RSprivate.h">
      <Filter>Headerdateien\HDF5</Filter>
    </ClInclude>
    <ClInclude Include="..\Lib\H5SLmodule.h">
      <Filter>Headerdateien\HDF5</Filter>
    </ClInclude>
    <ClInclude Include="..\Lib\H5SLprivate.h">
      <Filter>Headerdateien\HDF5</Filter>
    </ClInclude>
    <ClInclude Include="..\Lib\H5SMmodule.h">
      <Filter>Headerdateien\HDF5</Filter>
    </ClInclude>
    <ClInclude Include="..\Lib\H5Smodule.h">
      <Filter>Headerdateien\HDF5</Filter>
    </ClInclude>
    <ClInclude Include="..\Lib\H5SMpkg.h">
      <Filter>Headerdateien\HDF5</Filter>
    </ClInclude>
    <ClInclude Include="..\Lib\H5SMprivate.h">
      <Filter>Headerdateien\HDF5</Filter>
    </ClInclude>
    <ClInclude Include="..\Lib\H5Spkg.h">
      <Filter>Headerdateien\HDF5</Filter>
    </ClInclude>
    <ClInclude Include="..\Lib\H5Sprivate.h">
      <Filter>Headerdateien\HDF5</Filter>
    </ClInclude>
    <ClInclude Include="..\Lib\H5Spublic.h">
      <Filter>Headerdateien\HDF5</Filter>
    </ClInclude>
    <ClInclude Include="..\Lib\H5StrType.h">
      <Filter>Headerdateien\HDF5</Filter>
    </ClInclude>
    <ClInclude Include="..\Lib\H5Tconv.h">
      <Filter>Headerdateien\HDF5</Filter>
    </ClInclude>
    <ClInclude Include="..\Lib\H5Tconv_array.h">
      <Filter>Headerdateien\HDF5</Filter>
    </ClInclude>
    <ClInclude Include="..\Lib\H5Tconv_bitfield.h">
      <Filter>Headerdateien\HDF5</Filter>
    </ClInclude>
    <ClInclude Include="..\Lib\H5Tconv_compound.h">
      <Filter>Headerdateien\HDF5</Filter>
    </ClInclude>
    <ClInclude Include="..\Lib\H5Tconv_enum.h">
      <Filter>Headerdateien\HDF5</Filter>
    </ClInclude>
    <ClInclude Include="..\Lib\H5Tconv_float.h">
      <Filter>Headerdateien\HDF5</Filter>
    </ClInclude>
    <ClInclude Include="..\Lib\H5Tconv_integer.h">
      <Filter>Headerdateien\HDF5</Filter>
    </ClInclude>
    <ClInclude Include="..\Lib\H5Tconv_macros.h">
      <Filter>Headerdateien\HDF5</Filter>
    </ClInclude>
    <ClInclude Include="..\Lib\H5Tconv_reference.h">
      <Filter>Headerdateien\HDF5</Filter>
    </ClInclude>
    <ClInclude Include="..\Lib\H5Tconv_string.h">
      <Filter>Headerdateien\HDF5</Filter>
    </ClInclude>
    <ClInclude Include="..\Lib\H5Tconv_vlen.h">
      <Filter>Headerdateien\HDF5</Filter>
    </ClInclude>
    <ClInclude Include="..\Lib\H5Tdevelop.h">
      <Filter>Headerdateien\HDF5</Filter>
    </ClInclude>
    <ClInclude Include="..\Lib\H5Tmodule.h">
      <Filter>Headerdateien\HDF5</Filter>
    </ClInclude>
    <ClInclude Include="..\Lib\H5Tpkg.h">
      <Filter>Headerdateien\HDF5</Filter>
    </ClInclude>
    <ClInclude Include="..\Lib\H5Tprivate.h">
      <Filter>Headerdateien\HDF5</Filter>
    </ClInclude>
    <ClInclude Include="..\Lib\H5Tpublic.h">
      <Filter>Headerdateien\HDF5</Filter>
    </ClInclude>
    <ClInclude Include="..\Lib\H5TSdevelop.h">
      <Filter>Headerdateien\HDF5</Filter>
    </ClInclude>
    <ClInclude Include="..\Lib\H5TSprivate.h">
      <Filter>Headerdateien\HDF5</Filter>
    </ClInclude>
    <ClInclude Include="..\Lib\H5UCprivate.h">
      <Filter>Headerdateien\HDF5</Filter>
    </ClInclude>
    <ClInclude Include="..\Lib\H5VarLenType.h">
      <Filter>Headerdateien\HDF5</Filter>
    </ClInclude>
    <ClInclude Include="..\Lib\H5version.h">
      <Filter>Headerdateien\HDF5</Filter>
    </ClInclude>
    <ClInclude Include="..\Lib\H5VLconnector.h">
      <Filter>Headerdateien\HDF5</Filter>
    </ClInclude>
    <ClInclude Include="..\Lib\H5VLconnector_passthru.h">
      <Filter>Headerdateien\HDF5</Filter>
    </ClInclude>
    <ClInclude Include="..\Lib\H5VLmodule.h">
      <Filter>Headerdateien\HDF5</Filter>
    </ClInclude>
    <ClInclude Include="..\Lib\H5VLnative.h">
      <Filter>Headerdateien\HDF5</Filter>
    </ClInclude>
    <ClInclude Include="..\Lib\H5VLnative_private.h">
      <Filter>Headerdateien\HDF5</Filter>
    </ClInclude>
    <ClInclude Include="..\Lib\H5VLpassthru.h">
      <Filter>Headerdateien\HDF5</Filter>
    </ClInclude>
    <ClInclude Include="..\Lib\H5VLpkg.h">
      <Filter>Headerdateien\HDF5</Filter>
    </ClInclude>
    <ClInclude Include="..\Lib\H5VLprivate.h">
      <Filter>Headerdateien\HDF5</Filter>
    </ClInclude>
    <ClInclude Include="..\Lib\H5VLpublic.h">
      <Filter>Headerdateien\HDF5</Filter>
    </ClInclude>
    <ClInclude Include="..\Lib\H5VMprivate.h">
      <Filter>Headerdateien\HDF5</Filter>
    </ClInclude>
    <ClInclude Include="..\Lib\H5WBprivate.h">
      <Filter>Headerdateien\HDF5</Filter>
    </ClInclude>
    <ClInclude Include="..\Lib\H5win32defs.h">
      <Filter>Headerdateien\HDF5</Filter>
    </ClInclude>
    <ClInclude Include="..\Lib\H5Zdevelop.h">
      <Filter>Headerdateien\HDF5</Filter>
    </ClInclude>
    <ClInclude Include="..\Lib\H5Zmodule.h">
      <Filter>Headerdateien\HDF5</Filter>
    </ClInclude>
    <ClInclude Include="..\Lib\H5Zpkg.h">
      <Filter>Headerdateien\HDF5</Filter>
    </ClInclude>
    <ClInclude Include="..\Lib\H5Zprivate.h">
      <Filter>Headerdateien\HDF5</Filter>
    </ClInclude>
    <ClInclude Include="..\Lib\H5Zpublic.h">
      <Filter>Headerdateien\HDF5</Filter>
    </ClInclude>
    <ClInclude Include="..\Lib\hdf5.h">
      <Filter>Headerdateien\HDF5</Filter>
    </ClInclude>
    <ClInclude Include="..\Lib\uthash.h">
      <Filter>Headerdateien\HDF5</Filter>
    </ClInclude>
    <ClInclude Include="..\Src\metatensor.h">
      <Filter>Headerdateien\Rascaline</Filter>
    </ClInclude>
    <ClInclude Include="..\Src\rascaline.h">
      <Filter>Headerdateien\Rascaline</Filter>
    </ClInclude>
    <ClInclude Include="..\Src\metatensor.hpp">
      <Filter>Headerdateien\Rascaline</Filter>
    </ClInclude>
    <ClInclude Include="..\Src\rascaline.hpp">
      <Filter>Headerdateien\Rascaline</Filter>
    </ClInclude>
    <ClInclude Include="..\Src\SALTED_utilities.h">
      <Filter>Headerdateien\SALTED</Filter>
    </ClInclude>
    <ClInclude Include="..\Src\SALTED_io.h">
      <Filter>Headerdateien\SALTED</Filter>
    </ClInclude>
    <ClInclude Include="..\Src\SALTED_equicomb.h">
      <Filter>Headerdateien\SALTED</Filter>
    </ClInclude>
    <ClInclude Include="..\Src\SALTED_predictor.h">
      <Filter>Headerdateien\SALTED</Filter>
    </ClInclude>
    <ClInclude Include="..\Src\constants.h">
      <Filter>Headerdateien</Filter>
    </ClInclude>
    <ClInclude Include="..\Src\pch.h">
      <Filter>Headerdateien</Filter>
    </ClInclude>
    <ClInclude Include="..\Src\isosurface.h">
      <Filter>Headerdateien</Filter>
    </ClInclude>
    <ClInclude Include="..\Src\integrator.h">
      <Filter>Headerdateien\libCint</Filter>
    </ClInclude>
    <ClInclude Include="..\Src\cart2sph.h">
      <Filter>Headerdateien\libCint</Filter>
    </ClInclude>
    <ClInclude Include="..\Src\integration_params.h">
      <Filter>Headerdateien\libCint</Filter>
    </ClInclude>
    <ClInclude Include="..\Src\rys_roots.h">
      <Filter>Headerdateien\libCint</Filter>
    </ClInclude>
    <ClInclude Include="..\Src\int_optimizer.h">
      <Filter>Headerdateien\libCint</Filter>
    </ClInclude>
    <ClInclude Include="..\Src\int_g2e.h">
      <Filter>Headerdateien\libCint</Filter>
    </ClInclude>
    <ClInclude Include="..\Src\libCintMain.h">
      <Filter>Headerdateien\libCint</Filter>
    </ClInclude>
    <ClInclude Include="..\Src\nos_math.h">
      <Filter>Headerdateien</Filter>
    </ClInclude>
  </ItemGroup>
  <ItemGroup>
    <None Include="..\.github\workflows\c-cpp_all.yml">
      <Filter>Ressourcendateien</Filter>
    </None>
    <None Include="..\Mac\makefile">
      <Filter>Ressourcendateien</Filter>
    </None>
    <None Include="..\Linux\makefile">
      <Filter>Ressourcendateien</Filter>
    </None>
    <None Include="..\.github\workflows\codeql-analysis.yml">
      <Filter>Ressourcendateien</Filter>
    </None>
    <None Include="..\tests\makefile">
      <Filter>Ressourcendateien</Filter>
    </None>
  </ItemGroup>
  <ItemGroup>
    <ResourceCompile Include="Resource.rc">
      <Filter>Ressourcendateien</Filter>
    </ResourceCompile>
  </ItemGroup>
  <ItemGroup>
    <Image Include="NSA2.ico">
      <Filter>Ressourcendateien</Filter>
    </Image>
  </ItemGroup>
</Project>