
Microsoft Visual Studio Solution File, Format Version 12.00
# Visual Studio Version 17
VisualStudioVersion = 17.0.32112.339
MinimumVisualStudioVersion = 10.0.40219.1
Project("{8BC9CEB8-8B4A-11D0-8D11-00A0C91BC942}") = "NoSpherA2", "NoSpherA2.vcxproj", "{2AB57786-36D2-4490-82E3-032F9A65CF10}"
EndProject
Project("{8BC9CEB8-8B4A-11D0-8D11-00A0C91BC942}") = "NoSpherA2_DLL", "..\NoSpherA2_DLL\NoSpherA2_DLL.vcxproj", "{B4802F99-47DD-48DF-B5AC-FC18305DEC81}"
EndProject
Global
	GlobalSection(SolutionConfigurationPlatforms) = preSolution
		D_BLAS|x64 = D_BLAS|x64
		D_def2_ECP|x64 = D_def2_ECP|x64
		D_ECP_file|x64 = D_ECP_file|x64
		D_ECP_pot|x64 = D_ECP_pot|x64
		D_ESP|x64 = D_ESP|x64
		D_gbw_SF|x64 = D_gbw_SF|x64
		D_isosurface|x64 = D_isosurface|x64
		D_ML|x64 = D_ML|x64
		D_OpenShell_gbw|x64 = D_OpenShell_gbw|x64
		D_polarizability|x64 = D_polarizability|x64
		D_ptb_Disorder|x64 = D_ptb_Disorder|x64
		D_pTB_reader|x64 = D_pTB_reader|x64
		D_pTB|x64 = D_pTB|x64
		D_Rascaline|x64 = D_Rascaline|x64
		D_RI_Test|x64 = D_RI_Test|x64
		D_SALTED_BINARY|x64 = D_SALTED_BINARY|x64
		D_SALTED_tsc|x64 = D_SALTED_tsc|x64
		D_SALTED|x64 = D_SALTED|x64
		D_SF_CMTC|x64 = D_SF_CMTC|x64
		D_SH|x64 = D_SH|x64
		D_xTB_Co_molden|x64 = D_xTB_Co_molden|x64
		D_xTB_F_molden|x64 = D_xTB_F_molden|x64
		D_xTB_molden|x64 = D_xTB_molden|x64
		debug_Daniel|x64 = debug_Daniel|x64
		Debug_fchk_generation|x64 = Debug_fchk_generation|x64
		Debug_Fractal|x64 = Debug_Fractal|x64
		Debug_gbw2wfn|x64 = Debug_gbw2wfn|x64
		Debug_grown|x64 = Debug_grown|x64
		Debug_IAM_SF|x64 = Debug_IAM_SF|x64
		Debug_Molden|x64 = Debug_Molden|x64
		Debug_PBC_CaF2|x64 = Debug_PBC_CaF2|x64
		Debug_properties|x64 = Debug_properties|x64
		Debug_SF_Disorder|x64 = Debug_SF_Disorder|x64
		Debug_SF_ECP|x64 = Debug_SF_ECP|x64
		Debug_SF_kpts_file|x64 = Debug_SF_kpts_file|x64
		Debug_SF_MTC_Disorder|x64 = Debug_SF_MTC_Disorder|x64
		Debug_SF_twin|x64 = Debug_SF_twin|x64
		Debug_SF|x64 = Debug_SF|x64
		Debug_SFAC_scan|x64 = Debug_SFAC_scan|x64
		Debug_tsc_merge|x64 = Debug_tsc_merge|x64
		Debug_tscb|x64 = Debug_tscb|x64
		Debug|x64 = Debug|x64
		GenCube|x64 = GenCube|x64
		Profile_Disorder|x64 = Profile_Disorder|x64
		Publish|x64 = Publish|x64
		Release + Copy|x64 = Release + Copy|x64
		Release_SALTED|x64 = Release_SALTED|x64
		Release|x64 = Release|x64
	EndGlobalSection
	GlobalSection(ProjectConfigurationPlatforms) = postSolution
		{2AB57786-36D2-4490-82E3-032F9A65CF10}.D_BLAS|x64.ActiveCfg = D_BLAS|x64
		{2AB57786-36D2-4490-82E3-032F9A65CF10}.D_BLAS|x64.Build.0 = D_BLAS|x64
		{2AB57786-36D2-4490-82E3-032F9A65CF10}.D_def2_ECP|x64.ActiveCfg = D_def2_ECP|x64
		{2AB57786-36D2-4490-82E3-032F9A65CF10}.D_def2_ECP|x64.Build.0 = D_def2_ECP|x64
		{2AB57786-36D2-4490-82E3-032F9A65CF10}.D_ECP_file|x64.ActiveCfg = D_ECP_file|x64
		{2AB57786-36D2-4490-82E3-032F9A65CF10}.D_ECP_file|x64.Build.0 = D_ECP_file|x64
		{2AB57786-36D2-4490-82E3-032F9A65CF10}.D_ECP_pot|x64.ActiveCfg = D_ECP_pot|x64
		{2AB57786-36D2-4490-82E3-032F9A65CF10}.D_ECP_pot|x64.Build.0 = D_ECP_pot|x64
		{2AB57786-36D2-4490-82E3-032F9A65CF10}.D_ESP|x64.ActiveCfg = D_ESP|x64
		{2AB57786-36D2-4490-82E3-032F9A65CF10}.D_ESP|x64.Build.0 = D_ESP|x64
		{2AB57786-36D2-4490-82E3-032F9A65CF10}.D_gbw_SF|x64.ActiveCfg = D_gbw_SF|x64
		{2AB57786-36D2-4490-82E3-032F9A65CF10}.D_gbw_SF|x64.Build.0 = D_gbw_SF|x64
		{2AB57786-36D2-4490-82E3-032F9A65CF10}.D_isosurface|x64.ActiveCfg = D_isosurface|x64
		{2AB57786-36D2-4490-82E3-032F9A65CF10}.D_isosurface|x64.Build.0 = D_isosurface|x64
		{2AB57786-36D2-4490-82E3-032F9A65CF10}.D_ML|x64.ActiveCfg = D_ML|x64
		{2AB57786-36D2-4490-82E3-032F9A65CF10}.D_ML|x64.Build.0 = D_ML|x64
		{2AB57786-36D2-4490-82E3-032F9A65CF10}.D_OpenShell_gbw|x64.ActiveCfg = D_OpenShell_gbw|x64
		{2AB57786-36D2-4490-82E3-032F9A65CF10}.D_OpenShell_gbw|x64.Build.0 = D_OpenShell_gbw|x64
		{2AB57786-36D2-4490-82E3-032F9A65CF10}.D_polarizability|x64.ActiveCfg = D_polarizability|x64
		{2AB57786-36D2-4490-82E3-032F9A65CF10}.D_polarizability|x64.Build.0 = D_polarizability|x64
		{2AB57786-36D2-4490-82E3-032F9A65CF10}.D_ptb_Disorder|x64.ActiveCfg = D_ptb_Disorder|x64
		{2AB57786-36D2-4490-82E3-032F9A65CF10}.D_ptb_Disorder|x64.Build.0 = D_ptb_Disorder|x64
		{2AB57786-36D2-4490-82E3-032F9A65CF10}.D_pTB_reader|x64.ActiveCfg = D_pTB_reader|x64
		{2AB57786-36D2-4490-82E3-032F9A65CF10}.D_pTB_reader|x64.Build.0 = D_pTB_reader|x64
		{2AB57786-36D2-4490-82E3-032F9A65CF10}.D_pTB|x64.ActiveCfg = D_pTB|x64
		{2AB57786-36D2-4490-82E3-032F9A65CF10}.D_pTB|x64.Build.0 = D_pTB|x64
		{2AB57786-36D2-4490-82E3-032F9A65CF10}.D_Rascaline|x64.ActiveCfg = D_Rascaline|x64
		{2AB57786-36D2-4490-82E3-032F9A65CF10}.D_Rascaline|x64.Build.0 = D_Rascaline|x64
		{2AB57786-36D2-4490-82E3-032F9A65CF10}.D_RI_Test|x64.ActiveCfg = D_RI_Test|x64
		{2AB57786-36D2-4490-82E3-032F9A65CF10}.D_RI_Test|x64.Build.0 = D_RI_Test|x64
		{2AB57786-36D2-4490-82E3-032F9A65CF10}.D_SALTED_BINARY|x64.ActiveCfg = D_SALTED_BINARY|x64
		{2AB57786-36D2-4490-82E3-032F9A65CF10}.D_SALTED_BINARY|x64.Build.0 = D_SALTED_BINARY|x64
		{2AB57786-36D2-4490-82E3-032F9A65CF10}.D_SALTED_tsc|x64.ActiveCfg = D_SALTED_tsc|x64
		{2AB57786-36D2-4490-82E3-032F9A65CF10}.D_SALTED_tsc|x64.Build.0 = D_SALTED_tsc|x64
		{2AB57786-36D2-4490-82E3-032F9A65CF10}.D_SALTED|x64.ActiveCfg = D_SALTED|x64
		{2AB57786-36D2-4490-82E3-032F9A65CF10}.D_SALTED|x64.Build.0 = D_SALTED|x64
		{2AB57786-36D2-4490-82E3-032F9A65CF10}.D_SF_CMTC|x64.ActiveCfg = D_SF_CMTC|x64
		{2AB57786-36D2-4490-82E3-032F9A65CF10}.D_SF_CMTC|x64.Build.0 = D_SF_CMTC|x64
		{2AB57786-36D2-4490-82E3-032F9A65CF10}.D_SH|x64.ActiveCfg = D_SH|x64
		{2AB57786-36D2-4490-82E3-032F9A65CF10}.D_SH|x64.Build.0 = D_SH|x64
		{2AB57786-36D2-4490-82E3-032F9A65CF10}.D_xTB_Co_molden|x64.ActiveCfg = D_xTB_Co_molden|x64
		{2AB57786-36D2-4490-82E3-032F9A65CF10}.D_xTB_Co_molden|x64.Build.0 = D_xTB_Co_molden|x64
		{2AB57786-36D2-4490-82E3-032F9A65CF10}.D_xTB_F_molden|x64.ActiveCfg = D_xTB_F_molden|x64
		{2AB57786-36D2-4490-82E3-032F9A65CF10}.D_xTB_F_molden|x64.Build.0 = D_xTB_F_molden|x64
		{2AB57786-36D2-4490-82E3-032F9A65CF10}.D_xTB_molden|x64.ActiveCfg = D_xTB_molden|x64
		{2AB57786-36D2-4490-82E3-032F9A65CF10}.D_xTB_molden|x64.Build.0 = D_xTB_molden|x64
		{2AB57786-36D2-4490-82E3-032F9A65CF10}.debug_Daniel|x64.ActiveCfg = debug_Daniel|x64
		{2AB57786-36D2-4490-82E3-032F9A65CF10}.debug_Daniel|x64.Build.0 = debug_Daniel|x64
		{2AB57786-36D2-4490-82E3-032F9A65CF10}.Debug_fchk_generation|x64.ActiveCfg = Debug_fchk_generation|x64
		{2AB57786-36D2-4490-82E3-032F9A65CF10}.Debug_fchk_generation|x64.Build.0 = Debug_fchk_generation|x64
		{2AB57786-36D2-4490-82E3-032F9A65CF10}.Debug_Fractal|x64.ActiveCfg = Debug_Fractal|x64
		{2AB57786-36D2-4490-82E3-032F9A65CF10}.Debug_Fractal|x64.Build.0 = Debug_Fractal|x64
		{2AB57786-36D2-4490-82E3-032F9A65CF10}.Debug_gbw2wfn|x64.ActiveCfg = Debug_gbw2wfn|x64
		{2AB57786-36D2-4490-82E3-032F9A65CF10}.Debug_gbw2wfn|x64.Build.0 = Debug_gbw2wfn|x64
		{2AB57786-36D2-4490-82E3-032F9A65CF10}.Debug_grown|x64.ActiveCfg = Debug_grown|x64
		{2AB57786-36D2-4490-82E3-032F9A65CF10}.Debug_grown|x64.Build.0 = Debug_grown|x64
		{2AB57786-36D2-4490-82E3-032F9A65CF10}.Debug_IAM_SF|x64.ActiveCfg = Debug_IAM_SF|x64
		{2AB57786-36D2-4490-82E3-032F9A65CF10}.Debug_IAM_SF|x64.Build.0 = Debug_IAM_SF|x64
		{2AB57786-36D2-4490-82E3-032F9A65CF10}.Debug_Molden|x64.ActiveCfg = Debug_Molden|x64
		{2AB57786-36D2-4490-82E3-032F9A65CF10}.Debug_Molden|x64.Build.0 = Debug_Molden|x64
		{2AB57786-36D2-4490-82E3-032F9A65CF10}.Debug_PBC_CaF2|x64.ActiveCfg = Debug_PBC_CaF2|x64
		{2AB57786-36D2-4490-82E3-032F9A65CF10}.Debug_PBC_CaF2|x64.Build.0 = Debug_PBC_CaF2|x64
		{2AB57786-36D2-4490-82E3-032F9A65CF10}.Debug_properties|x64.ActiveCfg = Debug_properties|x64
		{2AB57786-36D2-4490-82E3-032F9A65CF10}.Debug_properties|x64.Build.0 = Debug_properties|x64
		{2AB57786-36D2-4490-82E3-032F9A65CF10}.Debug_SF_Disorder|x64.ActiveCfg = Debug_SF_Disorder|x64
		{2AB57786-36D2-4490-82E3-032F9A65CF10}.Debug_SF_Disorder|x64.Build.0 = Debug_SF_Disorder|x64
		{2AB57786-36D2-4490-82E3-032F9A65CF10}.Debug_SF_ECP|x64.ActiveCfg = Debug_SF_ECP|x64
		{2AB57786-36D2-4490-82E3-032F9A65CF10}.Debug_SF_ECP|x64.Build.0 = Debug_SF_ECP|x64
		{2AB57786-36D2-4490-82E3-032F9A65CF10}.Debug_SF_kpts_file|x64.ActiveCfg = Debug_SF_kpts_file|x64
		{2AB57786-36D2-4490-82E3-032F9A65CF10}.Debug_SF_kpts_file|x64.Build.0 = Debug_SF_kpts_file|x64
		{2AB57786-36D2-4490-82E3-032F9A65CF10}.Debug_SF_MTC_Disorder|x64.ActiveCfg = Debug_SF_MTC_Disorder|x64
		{2AB57786-36D2-4490-82E3-032F9A65CF10}.Debug_SF_MTC_Disorder|x64.Build.0 = Debug_SF_MTC_Disorder|x64
		{2AB57786-36D2-4490-82E3-032F9A65CF10}.Debug_SF_twin|x64.ActiveCfg = Debug_SFAC|x64
		{2AB57786-36D2-4490-82E3-032F9A65CF10}.Debug_SF_twin|x64.Build.0 = Debug_SFAC|x64
		{2AB57786-36D2-4490-82E3-032F9A65CF10}.Debug_SF|x64.ActiveCfg = Debug_SF|x64
		{2AB57786-36D2-4490-82E3-032F9A65CF10}.Debug_SF|x64.Build.0 = Debug_SF|x64
		{2AB57786-36D2-4490-82E3-032F9A65CF10}.Debug_SFAC_scan|x64.ActiveCfg = Debug_SFAC_scan|x64
		{2AB57786-36D2-4490-82E3-032F9A65CF10}.Debug_SFAC_scan|x64.Build.0 = Debug_SFAC_scan|x64
		{2AB57786-36D2-4490-82E3-032F9A65CF10}.Debug_tsc_merge|x64.ActiveCfg = Debug_tsc_merge|x64
		{2AB57786-36D2-4490-82E3-032F9A65CF10}.Debug_tsc_merge|x64.Build.0 = Debug_tsc_merge|x64
		{2AB57786-36D2-4490-82E3-032F9A65CF10}.Debug_tscb|x64.ActiveCfg = Debug_tscb|x64
		{2AB57786-36D2-4490-82E3-032F9A65CF10}.Debug_tscb|x64.Build.0 = Debug_tscb|x64
		{2AB57786-36D2-4490-82E3-032F9A65CF10}.Debug|x64.ActiveCfg = Debug|x64
		{2AB57786-36D2-4490-82E3-032F9A65CF10}.Debug|x64.Build.0 = Debug|x64
		{2AB57786-36D2-4490-82E3-032F9A65CF10}.GenCube|x64.ActiveCfg = GenCube|x64
		{2AB57786-36D2-4490-82E3-032F9A65CF10}.GenCube|x64.Build.0 = GenCube|x64
		{2AB57786-36D2-4490-82E3-032F9A65CF10}.Profile_Disorder|x64.ActiveCfg = Profile_Disorder|x64
		{2AB57786-36D2-4490-82E3-032F9A65CF10}.Profile_Disorder|x64.Build.0 = Profile_Disorder|x64
		{2AB57786-36D2-4490-82E3-032F9A65CF10}.Publish|x64.ActiveCfg = Publish|x64
		{2AB57786-36D2-4490-82E3-032F9A65CF10}.Publish|x64.Build.0 = Publish|x64
		{2AB57786-36D2-4490-82E3-032F9A65CF10}.Release + Copy|x64.ActiveCfg = Release + Copy|x64
		{2AB57786-36D2-4490-82E3-032F9A65CF10}.Release + Copy|x64.Build.0 = Release + Copy|x64
		{2AB57786-36D2-4490-82E3-032F9A65CF10}.Release_SALTED|x64.ActiveCfg = Release_SALTED|x64
		{2AB57786-36D2-4490-82E3-032F9A65CF10}.Release_SALTED|x64.Build.0 = Release_SALTED|x64
		{2AB57786-36D2-4490-82E3-032F9A65CF10}.Release|x64.ActiveCfg = Release|x64
		{2AB57786-36D2-4490-82E3-032F9A65CF10}.Release|x64.Build.0 = Release|x64
		{B4802F99-47DD-48DF-B5AC-FC18305DEC81}.D_BLAS|x64.ActiveCfg = D_xTB_molden|x64
		{B4802F99-47DD-48DF-B5AC-FC18305DEC81}.D_def2_ECP|x64.ActiveCfg = D_def2_ECP|x64
		{B4802F99-47DD-48DF-B5AC-FC18305DEC81}.D_ECP_file|x64.ActiveCfg = D_ECP_file|x64
		{B4802F99-47DD-48DF-B5AC-FC18305DEC81}.D_ECP_pot|x64.ActiveCfg = D_ECP_pot|x64
		{B4802F99-47DD-48DF-B5AC-FC18305DEC81}.D_ESP|x64.ActiveCfg = Debug|x64
		{B4802F99-47DD-48DF-B5AC-FC18305DEC81}.D_gbw_SF|x64.ActiveCfg = Debug|x64
		{B4802F99-47DD-48DF-B5AC-FC18305DEC81}.D_isosurface|x64.ActiveCfg = D_isosurface|x64
		{B4802F99-47DD-48DF-B5AC-FC18305DEC81}.D_isosurface|x64.Build.0 = D_isosurface|x64
		{B4802F99-47DD-48DF-B5AC-FC18305DEC81}.D_ML|x64.ActiveCfg = D_ML|x64
		{B4802F99-47DD-48DF-B5AC-FC18305DEC81}.D_OpenShell_gbw|x64.ActiveCfg = Debug|x64
		{B4802F99-47DD-48DF-B5AC-FC18305DEC81}.D_polarizability|x64.ActiveCfg = D_polarizability|x64
		{B4802F99-47DD-48DF-B5AC-FC18305DEC81}.D_ptb_Disorder|x64.ActiveCfg = D_ptb_Disorder|x64
		{B4802F99-47DD-48DF-B5AC-FC18305DEC81}.D_pTB_reader|x64.ActiveCfg = D_xTB_F_molden|x64
		{B4802F99-47DD-48DF-B5AC-FC18305DEC81}.D_pTB|x64.ActiveCfg = D_pTB|x64
		{B4802F99-47DD-48DF-B5AC-FC18305DEC81}.D_Rascaline|x64.ActiveCfg = D_Rascaline|x64
		{B4802F99-47DD-48DF-B5AC-FC18305DEC81}.D_RI_Test|x64.ActiveCfg = D_xTB_Co_molden|x64
		{B4802F99-47DD-48DF-B5AC-FC18305DEC81}.D_SALTED_BINARY|x64.ActiveCfg = D_SALTED|x64
		{B4802F99-47DD-48DF-B5AC-FC18305DEC81}.D_SALTED_tsc|x64.ActiveCfg = D_SALTED_tsc|x64
		{B4802F99-47DD-48DF-B5AC-FC18305DEC81}.D_SALTED|x64.ActiveCfg = D_SALTED|x64
		{B4802F99-47DD-48DF-B5AC-FC18305DEC81}.D_SF_CMTC|x64.ActiveCfg = Debug|x64
		{B4802F99-47DD-48DF-B5AC-FC18305DEC81}.D_SH|x64.ActiveCfg = D_SH|x64
		{B4802F99-47DD-48DF-B5AC-FC18305DEC81}.D_xTB_Co_molden|x64.ActiveCfg = D_xTB_Co_molden|x64
		{B4802F99-47DD-48DF-B5AC-FC18305DEC81}.D_xTB_F_molden|x64.ActiveCfg = D_xTB_F_molden|x64
		{B4802F99-47DD-48DF-B5AC-FC18305DEC81}.D_xTB_molden|x64.ActiveCfg = D_xTB_molden|x64
		{B4802F99-47DD-48DF-B5AC-FC18305DEC81}.debug_Daniel|x64.ActiveCfg = debug_Daniel|x64
		{B4802F99-47DD-48DF-B5AC-FC18305DEC81}.Debug_fchk_generation|x64.ActiveCfg = Debug|x64
		{B4802F99-47DD-48DF-B5AC-FC18305DEC81}.Debug_Fractal|x64.ActiveCfg = Debug|x64
		{B4802F99-47DD-48DF-B5AC-FC18305DEC81}.Debug_gbw2wfn|x64.ActiveCfg = Debug|x64
		{B4802F99-47DD-48DF-B5AC-FC18305DEC81}.Debug_grown|x64.ActiveCfg = Debug|x64
		{B4802F99-47DD-48DF-B5AC-FC18305DEC81}.Debug_IAM_SF|x64.ActiveCfg = Debug|x64
		{B4802F99-47DD-48DF-B5AC-FC18305DEC81}.Debug_Molden|x64.ActiveCfg = Debug|x64
		{B4802F99-47DD-48DF-B5AC-FC18305DEC81}.Debug_PBC_CaF2|x64.ActiveCfg = Debug|x64
		{B4802F99-47DD-48DF-B5AC-FC18305DEC81}.Debug_properties|x64.ActiveCfg = Debug|x64
		{B4802F99-47DD-48DF-B5AC-FC18305DEC81}.Debug_SF_Disorder|x64.ActiveCfg = Debug|x64
		{B4802F99-47DD-48DF-B5AC-FC18305DEC81}.Debug_SF_ECP|x64.ActiveCfg = Debug|x64
		{B4802F99-47DD-48DF-B5AC-FC18305DEC81}.Debug_SF_kpts_file|x64.ActiveCfg = Debug|x64
		{B4802F99-47DD-48DF-B5AC-FC18305DEC81}.Debug_SF_MTC_Disorder|x64.ActiveCfg = Debug|x64
		{B4802F99-47DD-48DF-B5AC-FC18305DEC81}.Debug_SF_twin|x64.ActiveCfg = Debug|x64
		{B4802F99-47DD-48DF-B5AC-FC18305DEC81}.Debug_SF|x64.ActiveCfg = Debug|x64
		{B4802F99-47DD-48DF-B5AC-FC18305DEC81}.Debug_SFAC_scan|x64.ActiveCfg = Debug|x64
		{B4802F99-47DD-48DF-B5AC-FC18305DEC81}.Debug_tsc_merge|x64.ActiveCfg = Debug|x64
		{B4802F99-47DD-48DF-B5AC-FC18305DEC81}.Debug_tscb|x64.ActiveCfg = Debug|x64
		{B4802F99-47DD-48DF-B5AC-FC18305DEC81}.Debug|x64.ActiveCfg = Debug|x64
		{B4802F99-47DD-48DF-B5AC-FC18305DEC81}.Debug|x64.Build.0 = Debug|x64
		{B4802F99-47DD-48DF-B5AC-FC18305DEC81}.GenCube|x64.ActiveCfg = GenCube|x64
		{B4802F99-47DD-48DF-B5AC-FC18305DEC81}.Profile_Disorder|x64.ActiveCfg = Profile_Disorder|x64
		{B4802F99-47DD-48DF-B5AC-FC18305DEC81}.Publish|x64.ActiveCfg = Debug|x64
		{B4802F99-47DD-48DF-B5AC-FC18305DEC81}.Release + Copy|x64.ActiveCfg = Release|x64
		{B4802F99-47DD-48DF-B5AC-FC18305DEC81}.Release + Copy|x64.Build.0 = Release|x64
		{B4802F99-47DD-48DF-B5AC-FC18305DEC81}.Release_SALTED|x64.ActiveCfg = Release_SALTED|x64
		{B4802F99-47DD-48DF-B5AC-FC18305DEC81}.Release|x64.ActiveCfg = Release|x64
	EndGlobalSection
	GlobalSection(SolutionProperties) = preSolution
		HideSolutionNode = FALSE
	EndGlobalSection
	GlobalSection(ExtensibilityGlobals) = postSolution
		SolutionGuid = {D8C2135B-3EAC-4390-A26D-C4B8A4620C52}
	EndGlobalSection
EndGlobal
