
Microsoft Visual Studio Solution File, Format Version 12.00
# Visual Studio Version 17
VisualStudioVersion = 17.0.32112.339
MinimumVisualStudioVersion = 10.0.40219.1
Project("{8BC9CEB8-8B4A-11D0-8D11-00A0C91BC942}") = "NoSpherA2", "wfn2fchk.vcxproj", "{2AB57786-36D2-4490-82E3-032F9A65CF10}"
EndProject
Project("{8BC9CEB8-8B4A-11D0-8D11-00A0C91BC942}") = "NoSpherA2CUDA", "..\Windows_cuda\NoSpherA2.vcxproj", "{E8C28545-BF28-4EC6-BD08-F3131327FF86}"
EndProject
Project("{8BC9CEB8-8B4A-11D0-8D11-00A0C91BC942}") = "NoSpherA2_DLL", "..\NoSpherA2_DLL\NoSpherA2_DLL.vcxproj", "{B4802F99-47DD-48DF-B5AC-FC18305DEC81}"
EndProject
Global
	GlobalSection(SolutionConfigurationPlatforms) = preSolution
		D_def2_ECP|x64 = D_def2_ECP|x64
		D_def2_ECP|x86 = D_def2_ECP|x86
		D_ECP_file|x64 = D_ECP_file|x64
		D_ECP_file|x86 = D_ECP_file|x86
		D_ECP_pot|x64 = D_ECP_pot|x64
		D_ECP_pot|x86 = D_ECP_pot|x86
		D_ESP|x64 = D_ESP|x64
		D_ESP|x86 = D_ESP|x86
		D_fchk_generation|x64 = D_fchk_generation|x64
		D_fchk_generation|x86 = D_fchk_generation|x86
		D_Fractal|x64 = D_Fractal|x64
		D_Fractal|x86 = D_Fractal|x86
		D_gbw_SF|x64 = D_gbw_SF|x64
		D_gbw_SF|x86 = D_gbw_SF|x86
		D_gbw2wfn|x64 = D_gbw2wfn|x64
		D_gbw2wfn|x86 = D_gbw2wfn|x86
		D_grown|x64 = D_grown|x64
		D_grown|x86 = D_grown|x86
		D_IAM_SF|x64 = D_IAM_SF|x64
		D_IAM_SF|x86 = D_IAM_SF|x86
		D_ML|x64 = D_ML|x64
		D_ML|x86 = D_ML|x86
		D_Molden|x64 = D_Molden|x64
		D_Molden|x86 = D_Molden|x86
		D_OpenShell_gbw|x64 = D_OpenShell_gbw|x64
		D_OpenShell_gbw|x86 = D_OpenShell_gbw|x86
		D_PBC_CaF2|x64 = D_PBC_CaF2|x64
		D_PBC_CaF2|x86 = D_PBC_CaF2|x86
		D_properties|x64 = D_properties|x64
		D_properties|x86 = D_properties|x86
		D_ptb_Disorder|x64 = D_ptb_Disorder|x64
		D_ptb_Disorder|x86 = D_ptb_Disorder|x86
		D_pTB|x64 = D_pTB|x64
		D_pTB|x86 = D_pTB|x86
		D_SALTED_tsc|x64 = D_SALTED_tsc|x64
		D_SALTED_tsc|x86 = D_SALTED_tsc|x86
		D_SF_CMTC|x64 = D_SF_CMTC|x64
		D_SF_CMTC|x86 = D_SF_CMTC|x86
		D_SF_Disorder|x64 = D_SF_Disorder|x64
		D_SF_Disorder|x86 = D_SF_Disorder|x86
		D_SF_ECP|x64 = D_SF_ECP|x64
		D_SF_ECP|x86 = D_SF_ECP|x86
		D_SF_Hybrid|x64 = D_SF_Hybrid|x64
		D_SF_Hybrid|x86 = D_SF_Hybrid|x86
		D_SF_kpts_file|x64 = D_SF_kpts_file|x64
		D_SF_kpts_file|x86 = D_SF_kpts_file|x86
		D_SF_MTC_Disorder|x64 = D_SF_MTC_Disorder|x64
		D_SF_MTC_Disorder|x86 = D_SF_MTC_Disorder|x86
		D_SF_twin|x64 = D_SF_twin|x64
		D_SF_twin|x86 = D_SF_twin|x86
		D_SF|x64 = D_SF|x64
		D_SF|x86 = D_SF|x86
		D_SFAC_scan|x64 = D_SFAC_scan|x64
		D_SFAC_scan|x86 = D_SFAC_scan|x86
		D_SH|x64 = D_SH|x64
		D_SH|x86 = D_SH|x86
		D_tsc_merge|x64 = D_tsc_merge|x64
		D_tsc_merge|x86 = D_tsc_merge|x86
		D_tscb|x64 = D_tscb|x64
		D_tscb|x86 = D_tscb|x86
		D_xTB_Co_molden|x64 = D_xTB_Co_molden|x64
		D_xTB_Co_molden|x86 = D_xTB_Co_molden|x86
		D_xTB_F_molden|x64 = D_xTB_F_molden|x64
		D_xTB_F_molden|x86 = D_xTB_F_molden|x86
		D_xTB_molden|x64 = D_xTB_molden|x64
		D_xTB_molden|x86 = D_xTB_molden|x86
		Debug|x64 = Debug|x64
		Debug|x86 = Debug|x86
		GenCube|x64 = GenCube|x64
		GenCube|x86 = GenCube|x86
		Profile_Disorder|x64 = Profile_Disorder|x64
		Profile_Disorder|x86 = Profile_Disorder|x86
		Publish|x64 = Publish|x64
		Publish|x86 = Publish|x86
		Release + Copy|x64 = Release + Copy|x64
		Release + Copy|x86 = Release + Copy|x86
		Release|x64 = Release|x64
		Release|x86 = Release|x86
	EndGlobalSection
	GlobalSection(ProjectConfigurationPlatforms) = postSolution
		{2AB57786-36D2-4490-82E3-032F9A65CF10}.D_def2_ECP|x64.ActiveCfg = D_def2_ECP|x64
		{2AB57786-36D2-4490-82E3-032F9A65CF10}.D_def2_ECP|x64.Build.0 = D_def2_ECP|x64
		{2AB57786-36D2-4490-82E3-032F9A65CF10}.D_def2_ECP|x86.ActiveCfg = D_def2_ECP|x64
		{2AB57786-36D2-4490-82E3-032F9A65CF10}.D_def2_ECP|x86.Build.0 = D_def2_ECP|x64
		{2AB57786-36D2-4490-82E3-032F9A65CF10}.D_ECP_file|x64.ActiveCfg = D_ECP_file|x64
		{2AB57786-36D2-4490-82E3-032F9A65CF10}.D_ECP_file|x64.Build.0 = D_ECP_file|x64
		{2AB57786-36D2-4490-82E3-032F9A65CF10}.D_ECP_file|x86.ActiveCfg = D_ECP_file|x64
		{2AB57786-36D2-4490-82E3-032F9A65CF10}.D_ECP_file|x86.Build.0 = D_ECP_file|x64
		{2AB57786-36D2-4490-82E3-032F9A65CF10}.D_ECP_pot|x64.ActiveCfg = D_ECP_pot|x64
		{2AB57786-36D2-4490-82E3-032F9A65CF10}.D_ECP_pot|x64.Build.0 = D_ECP_pot|x64
		{2AB57786-36D2-4490-82E3-032F9A65CF10}.D_ECP_pot|x86.ActiveCfg = D_ECP_pot|x64
		{2AB57786-36D2-4490-82E3-032F9A65CF10}.D_ECP_pot|x86.Build.0 = D_ECP_pot|x64
		{2AB57786-36D2-4490-82E3-032F9A65CF10}.D_ESP|x64.ActiveCfg = D_ESP|x64
		{2AB57786-36D2-4490-82E3-032F9A65CF10}.D_ESP|x64.Build.0 = D_ESP|x64
		{2AB57786-36D2-4490-82E3-032F9A65CF10}.D_ESP|x86.ActiveCfg = D_ESP|x64
		{2AB57786-36D2-4490-82E3-032F9A65CF10}.D_ESP|x86.Build.0 = D_ESP|x64
		{2AB57786-36D2-4490-82E3-032F9A65CF10}.D_fchk_generation|x64.ActiveCfg = Debug_fchk_generation|x64
		{2AB57786-36D2-4490-82E3-032F9A65CF10}.D_fchk_generation|x64.Build.0 = Debug_fchk_generation|x64
		{2AB57786-36D2-4490-82E3-032F9A65CF10}.D_fchk_generation|x86.ActiveCfg = Debug_fchk_generation|x64
		{2AB57786-36D2-4490-82E3-032F9A65CF10}.D_fchk_generation|x86.Build.0 = Debug_fchk_generation|x64
		{2AB57786-36D2-4490-82E3-032F9A65CF10}.D_Fractal|x64.ActiveCfg = Debug_Fractal|x64
		{2AB57786-36D2-4490-82E3-032F9A65CF10}.D_Fractal|x64.Build.0 = Debug_Fractal|x64
		{2AB57786-36D2-4490-82E3-032F9A65CF10}.D_Fractal|x86.ActiveCfg = Debug_Fractal|x64
		{2AB57786-36D2-4490-82E3-032F9A65CF10}.D_Fractal|x86.Build.0 = Debug_Fractal|x64
		{2AB57786-36D2-4490-82E3-032F9A65CF10}.D_gbw_SF|x64.ActiveCfg = D_gbw_SF|x64
		{2AB57786-36D2-4490-82E3-032F9A65CF10}.D_gbw_SF|x64.Build.0 = D_gbw_SF|x64
		{2AB57786-36D2-4490-82E3-032F9A65CF10}.D_gbw_SF|x86.ActiveCfg = D_gbw_SF|x64
		{2AB57786-36D2-4490-82E3-032F9A65CF10}.D_gbw_SF|x86.Build.0 = D_gbw_SF|x64
		{2AB57786-36D2-4490-82E3-032F9A65CF10}.D_gbw2wfn|x64.ActiveCfg = Debug_gbw2wfn|x64
		{2AB57786-36D2-4490-82E3-032F9A65CF10}.D_gbw2wfn|x64.Build.0 = Debug_gbw2wfn|x64
		{2AB57786-36D2-4490-82E3-032F9A65CF10}.D_gbw2wfn|x86.ActiveCfg = Debug_gbw2wfn|x64
		{2AB57786-36D2-4490-82E3-032F9A65CF10}.D_gbw2wfn|x86.Build.0 = Debug_gbw2wfn|x64
		{2AB57786-36D2-4490-82E3-032F9A65CF10}.D_grown|x64.ActiveCfg = Debug_grown|x64
		{2AB57786-36D2-4490-82E3-032F9A65CF10}.D_grown|x64.Build.0 = Debug_grown|x64
		{2AB57786-36D2-4490-82E3-032F9A65CF10}.D_grown|x86.ActiveCfg = Debug_grown|x64
		{2AB57786-36D2-4490-82E3-032F9A65CF10}.D_grown|x86.Build.0 = Debug_grown|x64
		{2AB57786-36D2-4490-82E3-032F9A65CF10}.D_IAM_SF|x64.ActiveCfg = Debug_IAM_SF|x64
		{2AB57786-36D2-4490-82E3-032F9A65CF10}.D_IAM_SF|x64.Build.0 = Debug_IAM_SF|x64
		{2AB57786-36D2-4490-82E3-032F9A65CF10}.D_IAM_SF|x86.ActiveCfg = Debug_IAM_SF|x64
		{2AB57786-36D2-4490-82E3-032F9A65CF10}.D_IAM_SF|x86.Build.0 = Debug_IAM_SF|x64
		{2AB57786-36D2-4490-82E3-032F9A65CF10}.D_ML|x64.ActiveCfg = D_ML|x64
		{2AB57786-36D2-4490-82E3-032F9A65CF10}.D_ML|x64.Build.0 = D_ML|x64
		{2AB57786-36D2-4490-82E3-032F9A65CF10}.D_ML|x86.ActiveCfg = D_ML|x64
		{2AB57786-36D2-4490-82E3-032F9A65CF10}.D_ML|x86.Build.0 = D_ML|x64
		{2AB57786-36D2-4490-82E3-032F9A65CF10}.D_Molden|x64.ActiveCfg = Debug_Molden|x64
		{2AB57786-36D2-4490-82E3-032F9A65CF10}.D_Molden|x64.Build.0 = Debug_Molden|x64
		{2AB57786-36D2-4490-82E3-032F9A65CF10}.D_Molden|x86.ActiveCfg = Debug_Molden|x64
		{2AB57786-36D2-4490-82E3-032F9A65CF10}.D_Molden|x86.Build.0 = Debug_Molden|x64
		{2AB57786-36D2-4490-82E3-032F9A65CF10}.D_OpenShell_gbw|x64.ActiveCfg = D_OpenShell_gbw|x64
		{2AB57786-36D2-4490-82E3-032F9A65CF10}.D_OpenShell_gbw|x64.Build.0 = D_OpenShell_gbw|x64
		{2AB57786-36D2-4490-82E3-032F9A65CF10}.D_OpenShell_gbw|x86.ActiveCfg = D_OpenShell_gbw|x64
		{2AB57786-36D2-4490-82E3-032F9A65CF10}.D_OpenShell_gbw|x86.Build.0 = D_OpenShell_gbw|x64
		{2AB57786-36D2-4490-82E3-032F9A65CF10}.D_PBC_CaF2|x64.ActiveCfg = Debug_PBC_CaF2|x64
		{2AB57786-36D2-4490-82E3-032F9A65CF10}.D_PBC_CaF2|x64.Build.0 = Debug_PBC_CaF2|x64
		{2AB57786-36D2-4490-82E3-032F9A65CF10}.D_PBC_CaF2|x86.ActiveCfg = Debug_PBC_CaF2|x64
		{2AB57786-36D2-4490-82E3-032F9A65CF10}.D_PBC_CaF2|x86.Build.0 = Debug_PBC_CaF2|x64
		{2AB57786-36D2-4490-82E3-032F9A65CF10}.D_properties|x64.ActiveCfg = Debug_properties|x64
		{2AB57786-36D2-4490-82E3-032F9A65CF10}.D_properties|x64.Build.0 = Debug_properties|x64
		{2AB57786-36D2-4490-82E3-032F9A65CF10}.D_properties|x86.ActiveCfg = Debug_properties|x64
		{2AB57786-36D2-4490-82E3-032F9A65CF10}.D_properties|x86.Build.0 = Debug_properties|x64
		{2AB57786-36D2-4490-82E3-032F9A65CF10}.D_ptb_Disorder|x64.ActiveCfg = D_ptb_Disorder|x64
		{2AB57786-36D2-4490-82E3-032F9A65CF10}.D_ptb_Disorder|x64.Build.0 = D_ptb_Disorder|x64
		{2AB57786-36D2-4490-82E3-032F9A65CF10}.D_ptb_Disorder|x86.ActiveCfg = D_ptb_Disorder|x64
		{2AB57786-36D2-4490-82E3-032F9A65CF10}.D_ptb_Disorder|x86.Build.0 = D_ptb_Disorder|x64
		{2AB57786-36D2-4490-82E3-032F9A65CF10}.D_pTB|x64.ActiveCfg = D_pTB|x64
		{2AB57786-36D2-4490-82E3-032F9A65CF10}.D_pTB|x64.Build.0 = D_pTB|x64
		{2AB57786-36D2-4490-82E3-032F9A65CF10}.D_pTB|x86.ActiveCfg = D_pTB|x64
		{2AB57786-36D2-4490-82E3-032F9A65CF10}.D_pTB|x86.Build.0 = D_pTB|x64
		{2AB57786-36D2-4490-82E3-032F9A65CF10}.D_SALTED_tsc|x64.ActiveCfg = D_SALTED_tsc|x64
		{2AB57786-36D2-4490-82E3-032F9A65CF10}.D_SALTED_tsc|x64.Build.0 = D_SALTED_tsc|x64
		{2AB57786-36D2-4490-82E3-032F9A65CF10}.D_SALTED_tsc|x86.ActiveCfg = D_SALTED_tsc|x64
		{2AB57786-36D2-4490-82E3-032F9A65CF10}.D_SALTED_tsc|x86.Build.0 = D_SALTED_tsc|x64
		{2AB57786-36D2-4490-82E3-032F9A65CF10}.D_SF_CMTC|x64.ActiveCfg = D_SF_CMTC|x64
		{2AB57786-36D2-4490-82E3-032F9A65CF10}.D_SF_CMTC|x64.Build.0 = D_SF_CMTC|x64
		{2AB57786-36D2-4490-82E3-032F9A65CF10}.D_SF_CMTC|x86.ActiveCfg = D_SF_CMTC|x64
		{2AB57786-36D2-4490-82E3-032F9A65CF10}.D_SF_CMTC|x86.Build.0 = D_SF_CMTC|x64
		{2AB57786-36D2-4490-82E3-032F9A65CF10}.D_SF_Disorder|x64.ActiveCfg = Debug_SF_Disorder|x64
		{2AB57786-36D2-4490-82E3-032F9A65CF10}.D_SF_Disorder|x64.Build.0 = Debug_SF_Disorder|x64
		{2AB57786-36D2-4490-82E3-032F9A65CF10}.D_SF_Disorder|x86.ActiveCfg = Debug_SF_Disorder|x64
		{2AB57786-36D2-4490-82E3-032F9A65CF10}.D_SF_Disorder|x86.Build.0 = Debug_SF_Disorder|x64
		{2AB57786-36D2-4490-82E3-032F9A65CF10}.D_SF_ECP|x64.ActiveCfg = Debug_SF_ECP|x64
		{2AB57786-36D2-4490-82E3-032F9A65CF10}.D_SF_ECP|x64.Build.0 = Debug_SF_ECP|x64
		{2AB57786-36D2-4490-82E3-032F9A65CF10}.D_SF_ECP|x86.ActiveCfg = Debug_SF_ECP|x64
		{2AB57786-36D2-4490-82E3-032F9A65CF10}.D_SF_ECP|x86.Build.0 = Debug_SF_ECP|x64
		{2AB57786-36D2-4490-82E3-032F9A65CF10}.D_SF_Hybrid|x64.ActiveCfg = D_SF_Hybrid|x64
		{2AB57786-36D2-4490-82E3-032F9A65CF10}.D_SF_Hybrid|x64.Build.0 = D_SF_Hybrid|x64
		{2AB57786-36D2-4490-82E3-032F9A65CF10}.D_SF_Hybrid|x86.ActiveCfg = D_SF_Hybrid|x64
		{2AB57786-36D2-4490-82E3-032F9A65CF10}.D_SF_Hybrid|x86.Build.0 = D_SF_Hybrid|x64
		{2AB57786-36D2-4490-82E3-032F9A65CF10}.D_SF_kpts_file|x64.ActiveCfg = Debug_SF_kpts_file|x64
		{2AB57786-36D2-4490-82E3-032F9A65CF10}.D_SF_kpts_file|x64.Build.0 = Debug_SF_kpts_file|x64
		{2AB57786-36D2-4490-82E3-032F9A65CF10}.D_SF_kpts_file|x86.ActiveCfg = Debug_SF_kpts_file|x64
		{2AB57786-36D2-4490-82E3-032F9A65CF10}.D_SF_kpts_file|x86.Build.0 = Debug_SF_kpts_file|x64
		{2AB57786-36D2-4490-82E3-032F9A65CF10}.D_SF_MTC_Disorder|x64.ActiveCfg = Debug_SF_MTC_Disorder|x64
		{2AB57786-36D2-4490-82E3-032F9A65CF10}.D_SF_MTC_Disorder|x64.Build.0 = Debug_SF_MTC_Disorder|x64
		{2AB57786-36D2-4490-82E3-032F9A65CF10}.D_SF_MTC_Disorder|x86.ActiveCfg = Debug_SF_MTC_Disorder|x64
		{2AB57786-36D2-4490-82E3-032F9A65CF10}.D_SF_MTC_Disorder|x86.Build.0 = Debug_SF_MTC_Disorder|x64
		{2AB57786-36D2-4490-82E3-032F9A65CF10}.D_SF_twin|x64.ActiveCfg = Debug_SFAC|x64
		{2AB57786-36D2-4490-82E3-032F9A65CF10}.D_SF_twin|x64.Build.0 = Debug_SFAC|x64
		{2AB57786-36D2-4490-82E3-032F9A65CF10}.D_SF_twin|x86.ActiveCfg = Debug_merge_tscs|x64
		{2AB57786-36D2-4490-82E3-032F9A65CF10}.D_SF_twin|x86.Build.0 = Debug_merge_tscs|x64
		{2AB57786-36D2-4490-82E3-032F9A65CF10}.D_SF|x64.ActiveCfg = Debug_SF|x64
		{2AB57786-36D2-4490-82E3-032F9A65CF10}.D_SF|x64.Build.0 = Debug_SF|x64
		{2AB57786-36D2-4490-82E3-032F9A65CF10}.D_SF|x86.ActiveCfg = Debug_SF|x64
		{2AB57786-36D2-4490-82E3-032F9A65CF10}.D_SF|x86.Build.0 = Debug_SF|x64
		{2AB57786-36D2-4490-82E3-032F9A65CF10}.D_SFAC_scan|x64.ActiveCfg = Debug_SFAC_scan|x64
		{2AB57786-36D2-4490-82E3-032F9A65CF10}.D_SFAC_scan|x64.Build.0 = Debug_SFAC_scan|x64
		{2AB57786-36D2-4490-82E3-032F9A65CF10}.D_SFAC_scan|x86.ActiveCfg = Debug_SFAC_scan|x64
		{2AB57786-36D2-4490-82E3-032F9A65CF10}.D_SFAC_scan|x86.Build.0 = Debug_SFAC_scan|x64
		{2AB57786-36D2-4490-82E3-032F9A65CF10}.D_SH|x64.ActiveCfg = D_SH|x64
		{2AB57786-36D2-4490-82E3-032F9A65CF10}.D_SH|x64.Build.0 = D_SH|x64
		{2AB57786-36D2-4490-82E3-032F9A65CF10}.D_SH|x86.ActiveCfg = D_SH|x64
		{2AB57786-36D2-4490-82E3-032F9A65CF10}.D_SH|x86.Build.0 = D_SH|x64
		{2AB57786-36D2-4490-82E3-032F9A65CF10}.D_tsc_merge|x64.ActiveCfg = Debug_tsc_merge|x64
		{2AB57786-36D2-4490-82E3-032F9A65CF10}.D_tsc_merge|x64.Build.0 = Debug_tsc_merge|x64
		{2AB57786-36D2-4490-82E3-032F9A65CF10}.D_tsc_merge|x86.ActiveCfg = Debug_tsc_merge|x64
		{2AB57786-36D2-4490-82E3-032F9A65CF10}.D_tsc_merge|x86.Build.0 = Debug_tsc_merge|x64
		{2AB57786-36D2-4490-82E3-032F9A65CF10}.D_tscb|x64.ActiveCfg = Debug_tscb|x64
		{2AB57786-36D2-4490-82E3-032F9A65CF10}.D_tscb|x64.Build.0 = Debug_tscb|x64
		{2AB57786-36D2-4490-82E3-032F9A65CF10}.D_tscb|x86.ActiveCfg = Debug_tscb|x64
		{2AB57786-36D2-4490-82E3-032F9A65CF10}.D_tscb|x86.Build.0 = Debug_tscb|x64
		{2AB57786-36D2-4490-82E3-032F9A65CF10}.D_xTB_Co_molden|x64.ActiveCfg = D_xTB_Co_molden|x64
		{2AB57786-36D2-4490-82E3-032F9A65CF10}.D_xTB_Co_molden|x64.Build.0 = D_xTB_Co_molden|x64
		{2AB57786-36D2-4490-82E3-032F9A65CF10}.D_xTB_Co_molden|x86.ActiveCfg = D_xTB_Co_molden|x64
		{2AB57786-36D2-4490-82E3-032F9A65CF10}.D_xTB_Co_molden|x86.Build.0 = D_xTB_Co_molden|x64
		{2AB57786-36D2-4490-82E3-032F9A65CF10}.D_xTB_F_molden|x64.ActiveCfg = D_xTB_F_molden|x64
		{2AB57786-36D2-4490-82E3-032F9A65CF10}.D_xTB_F_molden|x64.Build.0 = D_xTB_F_molden|x64
		{2AB57786-36D2-4490-82E3-032F9A65CF10}.D_xTB_F_molden|x86.ActiveCfg = D_xTB_F_molden|x64
		{2AB57786-36D2-4490-82E3-032F9A65CF10}.D_xTB_F_molden|x86.Build.0 = D_xTB_F_molden|x64
		{2AB57786-36D2-4490-82E3-032F9A65CF10}.D_xTB_molden|x64.ActiveCfg = D_xTB_molden|x64
		{2AB57786-36D2-4490-82E3-032F9A65CF10}.D_xTB_molden|x64.Build.0 = D_xTB_molden|x64
		{2AB57786-36D2-4490-82E3-032F9A65CF10}.D_xTB_molden|x86.ActiveCfg = D_xTB_molden|x64
		{2AB57786-36D2-4490-82E3-032F9A65CF10}.D_xTB_molden|x86.Build.0 = D_xTB_molden|x64
		{2AB57786-36D2-4490-82E3-032F9A65CF10}.Debug|x64.ActiveCfg = Debug|x64
		{2AB57786-36D2-4490-82E3-032F9A65CF10}.Debug|x64.Build.0 = Debug|x64
		{2AB57786-36D2-4490-82E3-032F9A65CF10}.Debug|x86.ActiveCfg = Debug|x64
		{2AB57786-36D2-4490-82E3-032F9A65CF10}.Debug|x86.Build.0 = Debug|x64
		{2AB57786-36D2-4490-82E3-032F9A65CF10}.GenCube|x64.ActiveCfg = GenCube|x64
		{2AB57786-36D2-4490-82E3-032F9A65CF10}.GenCube|x64.Build.0 = GenCube|x64
		{2AB57786-36D2-4490-82E3-032F9A65CF10}.GenCube|x86.ActiveCfg = GenCube|x64
		{2AB57786-36D2-4490-82E3-032F9A65CF10}.GenCube|x86.Build.0 = GenCube|x64
		{2AB57786-36D2-4490-82E3-032F9A65CF10}.Profile_Disorder|x64.ActiveCfg = Profile_Disorder|x64
		{2AB57786-36D2-4490-82E3-032F9A65CF10}.Profile_Disorder|x64.Build.0 = Profile_Disorder|x64
		{2AB57786-36D2-4490-82E3-032F9A65CF10}.Profile_Disorder|x86.ActiveCfg = Profile_Disorder|x64
		{2AB57786-36D2-4490-82E3-032F9A65CF10}.Profile_Disorder|x86.Build.0 = Profile_Disorder|x64
		{2AB57786-36D2-4490-82E3-032F9A65CF10}.Publish|x64.ActiveCfg = Publish|x64
		{2AB57786-36D2-4490-82E3-032F9A65CF10}.Publish|x64.Build.0 = Publish|x64
		{2AB57786-36D2-4490-82E3-032F9A65CF10}.Publish|x86.ActiveCfg = Publish|x64
		{2AB57786-36D2-4490-82E3-032F9A65CF10}.Publish|x86.Build.0 = Publish|x64
		{2AB57786-36D2-4490-82E3-032F9A65CF10}.Release + Copy|x64.ActiveCfg = Release + Copy|x64
		{2AB57786-36D2-4490-82E3-032F9A65CF10}.Release + Copy|x64.Build.0 = Release + Copy|x64
		{2AB57786-36D2-4490-82E3-032F9A65CF10}.Release + Copy|x86.ActiveCfg = Release + Copy|x64
		{2AB57786-36D2-4490-82E3-032F9A65CF10}.Release + Copy|x86.Build.0 = Release + Copy|x64
		{2AB57786-36D2-4490-82E3-032F9A65CF10}.Release|x64.ActiveCfg = Release|x64
		{2AB57786-36D2-4490-82E3-032F9A65CF10}.Release|x64.Build.0 = Release|x64
		{2AB57786-36D2-4490-82E3-032F9A65CF10}.Release|x86.ActiveCfg = Release|x64
		{2AB57786-36D2-4490-82E3-032F9A65CF10}.Release|x86.Build.0 = Release|x64
		{E8C28545-BF28-4EC6-BD08-F3131327FF86}.D_def2_ECP|x64.ActiveCfg = Debug_SF_ECP|x64
		{E8C28545-BF28-4EC6-BD08-F3131327FF86}.D_def2_ECP|x86.ActiveCfg = Debug_SF_ECP|x64
		{E8C28545-BF28-4EC6-BD08-F3131327FF86}.D_ECP_file|x64.ActiveCfg = Debug_PBC_CaF2|x64
		{E8C28545-BF28-4EC6-BD08-F3131327FF86}.D_ECP_file|x86.ActiveCfg = Debug_PBC_CaF2|x64
		{E8C28545-BF28-4EC6-BD08-F3131327FF86}.D_ECP_pot|x64.ActiveCfg = D_ECP_pot|x64
		{E8C28545-BF28-4EC6-BD08-F3131327FF86}.D_ECP_pot|x86.ActiveCfg = D_ECP_pot|x64
		{E8C28545-BF28-4EC6-BD08-F3131327FF86}.D_ECP_pot|x86.Build.0 = D_ECP_pot|x64
		{E8C28545-BF28-4EC6-BD08-F3131327FF86}.D_ESP|x64.ActiveCfg = D_ESP|x64
		{E8C28545-BF28-4EC6-BD08-F3131327FF86}.D_ESP|x86.ActiveCfg = D_ESP|x64
		{E8C28545-BF28-4EC6-BD08-F3131327FF86}.D_ESP|x86.Build.0 = D_ESP|x64
		{E8C28545-BF28-4EC6-BD08-F3131327FF86}.D_fchk_generation|x64.ActiveCfg = Debug_Fractal|x64
		{E8C28545-BF28-4EC6-BD08-F3131327FF86}.D_fchk_generation|x86.ActiveCfg = Debug_SF_MTC_Disorder|x64
		{E8C28545-BF28-4EC6-BD08-F3131327FF86}.D_fchk_generation|x86.Build.0 = Debug_SF_MTC_Disorder|x64
		{E8C28545-BF28-4EC6-BD08-F3131327FF86}.D_Fractal|x64.ActiveCfg = Debug_Fractal|x64
		{E8C28545-BF28-4EC6-BD08-F3131327FF86}.D_Fractal|x86.ActiveCfg = Debug_Fractal|x64
		{E8C28545-BF28-4EC6-BD08-F3131327FF86}.D_Fractal|x86.Build.0 = Debug_Fractal|x64
		{E8C28545-BF28-4EC6-BD08-F3131327FF86}.D_gbw_SF|x64.ActiveCfg = D_gbw_SF|x64
		{E8C28545-BF28-4EC6-BD08-F3131327FF86}.D_gbw_SF|x86.ActiveCfg = D_gbw_SF|x64
		{E8C28545-BF28-4EC6-BD08-F3131327FF86}.D_gbw_SF|x86.Build.0 = D_gbw_SF|x64
		{E8C28545-BF28-4EC6-BD08-F3131327FF86}.D_gbw2wfn|x64.ActiveCfg = Debug_gbw2wfn|x64
		{E8C28545-BF28-4EC6-BD08-F3131327FF86}.D_gbw2wfn|x86.ActiveCfg = Debug_gbw2wfn|x64
		{E8C28545-BF28-4EC6-BD08-F3131327FF86}.D_gbw2wfn|x86.Build.0 = Debug_gbw2wfn|x64
		{E8C28545-BF28-4EC6-BD08-F3131327FF86}.D_grown|x64.ActiveCfg = Debug_Co110_SF|x64
		{E8C28545-BF28-4EC6-BD08-F3131327FF86}.D_grown|x86.ActiveCfg = Debug_SF_MTC_Disorder|x64
		{E8C28545-BF28-4EC6-BD08-F3131327FF86}.D_grown|x86.Build.0 = Debug_SF_MTC_Disorder|x64
		{E8C28545-BF28-4EC6-BD08-F3131327FF86}.D_IAM_SF|x64.ActiveCfg = Debug_SF|x64
		{E8C28545-BF28-4EC6-BD08-F3131327FF86}.D_IAM_SF|x86.ActiveCfg = Debug_SF_MTC_Disorder|x64
		{E8C28545-BF28-4EC6-BD08-F3131327FF86}.D_IAM_SF|x86.Build.0 = Debug_SF_MTC_Disorder|x64
		{E8C28545-BF28-4EC6-BD08-F3131327FF86}.D_ML|x64.ActiveCfg = D_ML|x64
		{E8C28545-BF28-4EC6-BD08-F3131327FF86}.D_ML|x86.ActiveCfg = D_ML|x64
		{E8C28545-BF28-4EC6-BD08-F3131327FF86}.D_ML|x86.Build.0 = D_ML|x64
		{E8C28545-BF28-4EC6-BD08-F3131327FF86}.D_Molden|x64.ActiveCfg = Debug_Molden|x64
		{E8C28545-BF28-4EC6-BD08-F3131327FF86}.D_Molden|x86.ActiveCfg = Debug_Molden|x64
		{E8C28545-BF28-4EC6-BD08-F3131327FF86}.D_Molden|x86.Build.0 = Debug_Molden|x64
		{E8C28545-BF28-4EC6-BD08-F3131327FF86}.D_OpenShell_gbw|x64.ActiveCfg = D_OpenShell_gbw|x64
		{E8C28545-BF28-4EC6-BD08-F3131327FF86}.D_OpenShell_gbw|x86.ActiveCfg = D_OpenShell_gbw|x64
		{E8C28545-BF28-4EC6-BD08-F3131327FF86}.D_OpenShell_gbw|x86.Build.0 = D_OpenShell_gbw|x64
		{E8C28545-BF28-4EC6-BD08-F3131327FF86}.D_PBC_CaF2|x64.ActiveCfg = Debug_PBC_CaF2|x64
		{E8C28545-BF28-4EC6-BD08-F3131327FF86}.D_PBC_CaF2|x86.ActiveCfg = Debug_PBC_CaF2|x64
		{E8C28545-BF28-4EC6-BD08-F3131327FF86}.D_PBC_CaF2|x86.Build.0 = Debug_PBC_CaF2|x64
		{E8C28545-BF28-4EC6-BD08-F3131327FF86}.D_properties|x64.ActiveCfg = Debug_PDF|x64
		{E8C28545-BF28-4EC6-BD08-F3131327FF86}.D_properties|x86.ActiveCfg = Debug_SF_MTC_Disorder|x64
		{E8C28545-BF28-4EC6-BD08-F3131327FF86}.D_properties|x86.Build.0 = Debug_SF_MTC_Disorder|x64
		{E8C28545-BF28-4EC6-BD08-F3131327FF86}.D_ptb_Disorder|x64.ActiveCfg = Debug_Co110_SF|x64
		{E8C28545-BF28-4EC6-BD08-F3131327FF86}.D_ptb_Disorder|x86.ActiveCfg = Debug_Co110_SF|x64
		{E8C28545-BF28-4EC6-BD08-F3131327FF86}.D_pTB|x64.ActiveCfg = Debug|x64
		{E8C28545-BF28-4EC6-BD08-F3131327FF86}.D_pTB|x86.ActiveCfg = Debug|x64
		{E8C28545-BF28-4EC6-BD08-F3131327FF86}.D_SALTED_tsc|x64.ActiveCfg = D_SALTED_tsc|x64
		{E8C28545-BF28-4EC6-BD08-F3131327FF86}.D_SALTED_tsc|x86.ActiveCfg = D_SALTED_tsc|x64
		{E8C28545-BF28-4EC6-BD08-F3131327FF86}.D_SALTED_tsc|x86.Build.0 = D_SALTED_tsc|x64
		{E8C28545-BF28-4EC6-BD08-F3131327FF86}.D_SF_CMTC|x64.ActiveCfg = D_SF_CMTC|x64
		{E8C28545-BF28-4EC6-BD08-F3131327FF86}.D_SF_CMTC|x86.ActiveCfg = D_SF_CMTC|x64
		{E8C28545-BF28-4EC6-BD08-F3131327FF86}.D_SF_CMTC|x86.Build.0 = D_SF_CMTC|x64
		{E8C28545-BF28-4EC6-BD08-F3131327FF86}.D_SF_Disorder|x64.ActiveCfg = Debug_SF_Disorder|x64
		{E8C28545-BF28-4EC6-BD08-F3131327FF86}.D_SF_Disorder|x86.ActiveCfg = Debug_SF_Disorder|x64
		{E8C28545-BF28-4EC6-BD08-F3131327FF86}.D_SF_Disorder|x86.Build.0 = Debug_SF_Disorder|x64
		{E8C28545-BF28-4EC6-BD08-F3131327FF86}.D_SF_ECP|x64.ActiveCfg = Debug_SF_ECP|x64
		{E8C28545-BF28-4EC6-BD08-F3131327FF86}.D_SF_ECP|x86.ActiveCfg = Debug_SF_ECP|x64
		{E8C28545-BF28-4EC6-BD08-F3131327FF86}.D_SF_ECP|x86.Build.0 = Debug_SF_ECP|x64
		{E8C28545-BF28-4EC6-BD08-F3131327FF86}.D_SF_Hybrid|x64.ActiveCfg = Debug_Molden|x64
		{E8C28545-BF28-4EC6-BD08-F3131327FF86}.D_SF_Hybrid|x86.ActiveCfg = Debug_Molden|x64
		{E8C28545-BF28-4EC6-BD08-F3131327FF86}.D_SF_kpts_file|x64.ActiveCfg = Debug_SF_twin|x64
		{E8C28545-BF28-4EC6-BD08-F3131327FF86}.D_SF_kpts_file|x86.ActiveCfg = Debug_SF_MTC_Disorder|x64
		{E8C28545-BF28-4EC6-BD08-F3131327FF86}.D_SF_kpts_file|x86.Build.0 = Debug_SF_MTC_Disorder|x64
		{E8C28545-BF28-4EC6-BD08-F3131327FF86}.D_SF_MTC_Disorder|x64.ActiveCfg = Debug_SF_MTC_Disorder|x64
		{E8C28545-BF28-4EC6-BD08-F3131327FF86}.D_SF_MTC_Disorder|x86.ActiveCfg = Debug_SF_MTC_Disorder|x64
		{E8C28545-BF28-4EC6-BD08-F3131327FF86}.D_SF_MTC_Disorder|x86.Build.0 = Debug_SF_MTC_Disorder|x64
		{E8C28545-BF28-4EC6-BD08-F3131327FF86}.D_SF_twin|x64.ActiveCfg = Debug_SF_twin|x64
		{E8C28545-BF28-4EC6-BD08-F3131327FF86}.D_SF_twin|x86.ActiveCfg = Debug_SF_twin|x64
		{E8C28545-BF28-4EC6-BD08-F3131327FF86}.D_SF_twin|x86.Build.0 = Debug_SF_twin|x64
		{E8C28545-BF28-4EC6-BD08-F3131327FF86}.D_SF|x64.ActiveCfg = Debug_SF|x64
		{E8C28545-BF28-4EC6-BD08-F3131327FF86}.D_SF|x86.ActiveCfg = Debug_SF|x64
		{E8C28545-BF28-4EC6-BD08-F3131327FF86}.D_SF|x86.Build.0 = Debug_SF|x64
		{E8C28545-BF28-4EC6-BD08-F3131327FF86}.D_SFAC_scan|x64.ActiveCfg = Debug_SF_MTC_Disorder|x64
		{E8C28545-BF28-4EC6-BD08-F3131327FF86}.D_SFAC_scan|x86.ActiveCfg = Debug_SF_Disorder|x64
		{E8C28545-BF28-4EC6-BD08-F3131327FF86}.D_SFAC_scan|x86.Build.0 = Debug_SF_Disorder|x64
		{E8C28545-BF28-4EC6-BD08-F3131327FF86}.D_SH|x64.ActiveCfg = D_SH|x64
		{E8C28545-BF28-4EC6-BD08-F3131327FF86}.D_SH|x86.ActiveCfg = D_SH|x64
		{E8C28545-BF28-4EC6-BD08-F3131327FF86}.D_SH|x86.Build.0 = D_SH|x64
		{E8C28545-BF28-4EC6-BD08-F3131327FF86}.D_tsc_merge|x64.ActiveCfg = Debug_SF_twin|x64
		{E8C28545-BF28-4EC6-BD08-F3131327FF86}.D_tsc_merge|x86.ActiveCfg = Debug_SF_MTC_Disorder|x64
		{E8C28545-BF28-4EC6-BD08-F3131327FF86}.D_tsc_merge|x86.Build.0 = Debug_SF_MTC_Disorder|x64
		{E8C28545-BF28-4EC6-BD08-F3131327FF86}.D_tscb|x64.ActiveCfg = Debug_SF_MTC_Disorder|x64
		{E8C28545-BF28-4EC6-BD08-F3131327FF86}.D_tscb|x86.ActiveCfg = Debug_SF_MTC_Disorder|x64
		{E8C28545-BF28-4EC6-BD08-F3131327FF86}.D_tscb|x86.Build.0 = Debug_SF_MTC_Disorder|x64
		{E8C28545-BF28-4EC6-BD08-F3131327FF86}.D_xTB_Co_molden|x64.ActiveCfg = Debug_SF_MTC_Disorder|x64
		{E8C28545-BF28-4EC6-BD08-F3131327FF86}.D_xTB_Co_molden|x86.ActiveCfg = Debug_SF_MTC_Disorder|x64
		{E8C28545-BF28-4EC6-BD08-F3131327FF86}.D_xTB_F_molden|x64.ActiveCfg = Debug_SF_Disorder|x64
		{E8C28545-BF28-4EC6-BD08-F3131327FF86}.D_xTB_F_molden|x86.ActiveCfg = Debug_SF_Disorder|x64
		{E8C28545-BF28-4EC6-BD08-F3131327FF86}.D_xTB_molden|x64.ActiveCfg = Debug_SF_twin|x64
		{E8C28545-BF28-4EC6-BD08-F3131327FF86}.D_xTB_molden|x86.ActiveCfg = Debug_SF_twin|x64
		{E8C28545-BF28-4EC6-BD08-F3131327FF86}.Debug|x64.ActiveCfg = Debug|x64
		{E8C28545-BF28-4EC6-BD08-F3131327FF86}.Debug|x86.ActiveCfg = Debug|x64
		{E8C28545-BF28-4EC6-BD08-F3131327FF86}.Debug|x86.Build.0 = Debug|x64
		{E8C28545-BF28-4EC6-BD08-F3131327FF86}.GenCube|x64.ActiveCfg = Release|x64
		{E8C28545-BF28-4EC6-BD08-F3131327FF86}.GenCube|x86.ActiveCfg = Release|x64
		{E8C28545-BF28-4EC6-BD08-F3131327FF86}.Profile_Disorder|x64.ActiveCfg = Publish|x64
		{E8C28545-BF28-4EC6-BD08-F3131327FF86}.Profile_Disorder|x86.ActiveCfg = Publish|x64
		{E8C28545-BF28-4EC6-BD08-F3131327FF86}.Publish|x64.ActiveCfg = Publish|x64
		{E8C28545-BF28-4EC6-BD08-F3131327FF86}.Publish|x86.ActiveCfg = Publish|x64
		{E8C28545-BF28-4EC6-BD08-F3131327FF86}.Publish|x86.Build.0 = Publish|x64
		{E8C28545-BF28-4EC6-BD08-F3131327FF86}.Release + Copy|x64.ActiveCfg = Release|x64
		{E8C28545-BF28-4EC6-BD08-F3131327FF86}.Release + Copy|x86.ActiveCfg = Release|x64
		{E8C28545-BF28-4EC6-BD08-F3131327FF86}.Release + Copy|x86.Build.0 = Release|x64
		{E8C28545-BF28-4EC6-BD08-F3131327FF86}.Release|x64.ActiveCfg = Release|x64
		{E8C28545-BF28-4EC6-BD08-F3131327FF86}.Release|x86.ActiveCfg = Release|x64
		{B4802F99-47DD-48DF-B5AC-FC18305DEC81}.D_def2_ECP|x64.ActiveCfg = D_def2_ECP|x64
		{B4802F99-47DD-48DF-B5AC-FC18305DEC81}.D_def2_ECP|x86.ActiveCfg = D_def2_ECP|Win32
		{B4802F99-47DD-48DF-B5AC-FC18305DEC81}.D_ECP_file|x64.ActiveCfg = D_ECP_file|x64
		{B4802F99-47DD-48DF-B5AC-FC18305DEC81}.D_ECP_file|x86.ActiveCfg = D_ECP_file|Win32
		{B4802F99-47DD-48DF-B5AC-FC18305DEC81}.D_ECP_pot|x64.ActiveCfg = D_ECP_pot|x64
		{B4802F99-47DD-48DF-B5AC-FC18305DEC81}.D_ECP_pot|x86.ActiveCfg = D_ECP_pot|Win32
		{B4802F99-47DD-48DF-B5AC-FC18305DEC81}.D_ESP|x64.ActiveCfg = Debug|x64
		{B4802F99-47DD-48DF-B5AC-FC18305DEC81}.D_ESP|x86.ActiveCfg = Debug|Win32
		{B4802F99-47DD-48DF-B5AC-FC18305DEC81}.D_ESP|x86.Build.0 = Debug|Win32
		{B4802F99-47DD-48DF-B5AC-FC18305DEC81}.D_fchk_generation|x64.ActiveCfg = Debug|x64
		{B4802F99-47DD-48DF-B5AC-FC18305DEC81}.D_fchk_generation|x86.ActiveCfg = Debug|Win32
		{B4802F99-47DD-48DF-B5AC-FC18305DEC81}.D_fchk_generation|x86.Build.0 = Debug|Win32
		{B4802F99-47DD-48DF-B5AC-FC18305DEC81}.D_Fractal|x64.ActiveCfg = Debug|x64
		{B4802F99-47DD-48DF-B5AC-FC18305DEC81}.D_Fractal|x86.ActiveCfg = Debug|Win32
		{B4802F99-47DD-48DF-B5AC-FC18305DEC81}.D_Fractal|x86.Build.0 = Debug|Win32
		{B4802F99-47DD-48DF-B5AC-FC18305DEC81}.D_gbw_SF|x64.ActiveCfg = Debug|x64
		{B4802F99-47DD-48DF-B5AC-FC18305DEC81}.D_gbw_SF|x86.ActiveCfg = Debug|Win32
		{B4802F99-47DD-48DF-B5AC-FC18305DEC81}.D_gbw_SF|x86.Build.0 = Debug|Win32
		{B4802F99-47DD-48DF-B5AC-FC18305DEC81}.D_gbw2wfn|x64.ActiveCfg = Debug|x64
		{B4802F99-47DD-48DF-B5AC-FC18305DEC81}.D_gbw2wfn|x86.ActiveCfg = Debug|Win32
		{B4802F99-47DD-48DF-B5AC-FC18305DEC81}.D_gbw2wfn|x86.Build.0 = Debug|Win32
		{B4802F99-47DD-48DF-B5AC-FC18305DEC81}.D_grown|x64.ActiveCfg = Debug|x64
		{B4802F99-47DD-48DF-B5AC-FC18305DEC81}.D_grown|x86.ActiveCfg = Debug|Win32
		{B4802F99-47DD-48DF-B5AC-FC18305DEC81}.D_grown|x86.Build.0 = Debug|Win32
		{B4802F99-47DD-48DF-B5AC-FC18305DEC81}.D_IAM_SF|x64.ActiveCfg = Debug|x64
		{B4802F99-47DD-48DF-B5AC-FC18305DEC81}.D_IAM_SF|x86.ActiveCfg = Debug|Win32
		{B4802F99-47DD-48DF-B5AC-FC18305DEC81}.D_IAM_SF|x86.Build.0 = Debug|Win32
		{B4802F99-47DD-48DF-B5AC-FC18305DEC81}.D_ML|x64.ActiveCfg = D_ML|x64
		{B4802F99-47DD-48DF-B5AC-FC18305DEC81}.D_ML|x86.ActiveCfg = D_ML|Win32
		{B4802F99-47DD-48DF-B5AC-FC18305DEC81}.D_Molden|x64.ActiveCfg = Debug|x64
		{B4802F99-47DD-48DF-B5AC-FC18305DEC81}.D_Molden|x86.ActiveCfg = Debug|Win32
		{B4802F99-47DD-48DF-B5AC-FC18305DEC81}.D_Molden|x86.Build.0 = Debug|Win32
		{B4802F99-47DD-48DF-B5AC-FC18305DEC81}.D_OpenShell_gbw|x64.ActiveCfg = Debug|x64
		{B4802F99-47DD-48DF-B5AC-FC18305DEC81}.D_OpenShell_gbw|x86.ActiveCfg = Debug|Win32
		{B4802F99-47DD-48DF-B5AC-FC18305DEC81}.D_OpenShell_gbw|x86.Build.0 = Debug|Win32
		{B4802F99-47DD-48DF-B5AC-FC18305DEC81}.D_PBC_CaF2|x64.ActiveCfg = Debug|x64
		{B4802F99-47DD-48DF-B5AC-FC18305DEC81}.D_PBC_CaF2|x86.ActiveCfg = Debug|Win32
		{B4802F99-47DD-48DF-B5AC-FC18305DEC81}.D_PBC_CaF2|x86.Build.0 = Debug|Win32
		{B4802F99-47DD-48DF-B5AC-FC18305DEC81}.D_properties|x64.ActiveCfg = Debug|x64
		{B4802F99-47DD-48DF-B5AC-FC18305DEC81}.D_properties|x86.ActiveCfg = Debug|Win32
		{B4802F99-47DD-48DF-B5AC-FC18305DEC81}.D_properties|x86.Build.0 = Debug|Win32
		{B4802F99-47DD-48DF-B5AC-FC18305DEC81}.D_ptb_Disorder|x64.ActiveCfg = D_ptb_Disorder|x64
		{B4802F99-47DD-48DF-B5AC-FC18305DEC81}.D_ptb_Disorder|x86.ActiveCfg = D_ptb_Disorder|Win32
		{B4802F99-47DD-48DF-B5AC-FC18305DEC81}.D_pTB|x64.ActiveCfg = D_pTB|x64
		{B4802F99-47DD-48DF-B5AC-FC18305DEC81}.D_pTB|x86.ActiveCfg = D_pTB|Win32
		{B4802F99-47DD-48DF-B5AC-FC18305DEC81}.D_SALTED_tsc|x64.ActiveCfg = D_SALTED_tsc|x64
		{B4802F99-47DD-48DF-B5AC-FC18305DEC81}.D_SALTED_tsc|x86.ActiveCfg = D_SALTED_tsc|Win32
		{B4802F99-47DD-48DF-B5AC-FC18305DEC81}.D_SF_CMTC|x64.ActiveCfg = Debug|x64
		{B4802F99-47DD-48DF-B5AC-FC18305DEC81}.D_SF_CMTC|x86.ActiveCfg = Debug|Win32
		{B4802F99-47DD-48DF-B5AC-FC18305DEC81}.D_SF_CMTC|x86.Build.0 = Debug|Win32
		{B4802F99-47DD-48DF-B5AC-FC18305DEC81}.D_SF_Disorder|x64.ActiveCfg = Debug|x64
		{B4802F99-47DD-48DF-B5AC-FC18305DEC81}.D_SF_Disorder|x86.ActiveCfg = Debug|Win32
		{B4802F99-47DD-48DF-B5AC-FC18305DEC81}.D_SF_Disorder|x86.Build.0 = Debug|Win32
		{B4802F99-47DD-48DF-B5AC-FC18305DEC81}.D_SF_ECP|x64.ActiveCfg = Debug|x64
		{B4802F99-47DD-48DF-B5AC-FC18305DEC81}.D_SF_ECP|x86.ActiveCfg = Debug|Win32
		{B4802F99-47DD-48DF-B5AC-FC18305DEC81}.D_SF_ECP|x86.Build.0 = Debug|Win32
		{B4802F99-47DD-48DF-B5AC-FC18305DEC81}.D_SF_Hybrid|x64.ActiveCfg = D_xTB_molden|x64
		{B4802F99-47DD-48DF-B5AC-FC18305DEC81}.D_SF_Hybrid|x86.ActiveCfg = D_xTB_molden|Win32
		{B4802F99-47DD-48DF-B5AC-FC18305DEC81}.D_SF_kpts_file|x64.ActiveCfg = Debug|x64
		{B4802F99-47DD-48DF-B5AC-FC18305DEC81}.D_SF_kpts_file|x86.ActiveCfg = Debug|Win32
		{B4802F99-47DD-48DF-B5AC-FC18305DEC81}.D_SF_kpts_file|x86.Build.0 = Debug|Win32
		{B4802F99-47DD-48DF-B5AC-FC18305DEC81}.D_SF_MTC_Disorder|x64.ActiveCfg = Debug|x64
		{B4802F99-47DD-48DF-B5AC-FC18305DEC81}.D_SF_MTC_Disorder|x86.ActiveCfg = Debug|Win32
		{B4802F99-47DD-48DF-B5AC-FC18305DEC81}.D_SF_MTC_Disorder|x86.Build.0 = Debug|Win32
		{B4802F99-47DD-48DF-B5AC-FC18305DEC81}.D_SF_twin|x64.ActiveCfg = Debug|x64
		{B4802F99-47DD-48DF-B5AC-FC18305DEC81}.D_SF_twin|x86.ActiveCfg = Debug|Win32
		{B4802F99-47DD-48DF-B5AC-FC18305DEC81}.D_SF_twin|x86.Build.0 = Debug|Win32
		{B4802F99-47DD-48DF-B5AC-FC18305DEC81}.D_SF|x64.ActiveCfg = Debug|x64
		{B4802F99-47DD-48DF-B5AC-FC18305DEC81}.D_SF|x86.ActiveCfg = Debug|Win32
		{B4802F99-47DD-48DF-B5AC-FC18305DEC81}.D_SF|x86.Build.0 = Debug|Win32
		{B4802F99-47DD-48DF-B5AC-FC18305DEC81}.D_SFAC_scan|x64.ActiveCfg = Debug|x64
		{B4802F99-47DD-48DF-B5AC-FC18305DEC81}.D_SFAC_scan|x86.ActiveCfg = Debug|Win32
		{B4802F99-47DD-48DF-B5AC-FC18305DEC81}.D_SFAC_scan|x86.Build.0 = Debug|Win32
		{B4802F99-47DD-48DF-B5AC-FC18305DEC81}.D_SH|x64.ActiveCfg = D_SH|x64
		{B4802F99-47DD-48DF-B5AC-FC18305DEC81}.D_SH|x86.ActiveCfg = D_SH|Win32
		{B4802F99-47DD-48DF-B5AC-FC18305DEC81}.D_tsc_merge|x64.ActiveCfg = Debug|x64
		{B4802F99-47DD-48DF-B5AC-FC18305DEC81}.D_tsc_merge|x86.ActiveCfg = Debug|Win32
		{B4802F99-47DD-48DF-B5AC-FC18305DEC81}.D_tsc_merge|x86.Build.0 = Debug|Win32
		{B4802F99-47DD-48DF-B5AC-FC18305DEC81}.D_tscb|x64.ActiveCfg = Debug|x64
		{B4802F99-47DD-48DF-B5AC-FC18305DEC81}.D_tscb|x86.ActiveCfg = Debug|Win32
		{B4802F99-47DD-48DF-B5AC-FC18305DEC81}.D_tscb|x86.Build.0 = Debug|Win32
		{B4802F99-47DD-48DF-B5AC-FC18305DEC81}.D_xTB_Co_molden|x64.ActiveCfg = D_xTB_Co_molden|x64
		{B4802F99-47DD-48DF-B5AC-FC18305DEC81}.D_xTB_Co_molden|x86.ActiveCfg = D_xTB_Co_molden|Win32
		{B4802F99-47DD-48DF-B5AC-FC18305DEC81}.D_xTB_F_molden|x64.ActiveCfg = D_xTB_F_molden|x64
		{B4802F99-47DD-48DF-B5AC-FC18305DEC81}.D_xTB_F_molden|x86.ActiveCfg = D_xTB_F_molden|Win32
		{B4802F99-47DD-48DF-B5AC-FC18305DEC81}.D_xTB_molden|x64.ActiveCfg = D_xTB_molden|x64
		{B4802F99-47DD-48DF-B5AC-FC18305DEC81}.D_xTB_molden|x86.ActiveCfg = D_xTB_molden|Win32
		{B4802F99-47DD-48DF-B5AC-FC18305DEC81}.Debug|x64.ActiveCfg = Debug|x64
		{B4802F99-47DD-48DF-B5AC-FC18305DEC81}.Debug|x86.ActiveCfg = Debug|Win32
		{B4802F99-47DD-48DF-B5AC-FC18305DEC81}.Debug|x86.Build.0 = Debug|Win32
		{B4802F99-47DD-48DF-B5AC-FC18305DEC81}.GenCube|x64.ActiveCfg = GenCube|x64
		{B4802F99-47DD-48DF-B5AC-FC18305DEC81}.GenCube|x86.ActiveCfg = GenCube|Win32
		{B4802F99-47DD-48DF-B5AC-FC18305DEC81}.Profile_Disorder|x64.ActiveCfg = Profile_Disorder|x64
		{B4802F99-47DD-48DF-B5AC-FC18305DEC81}.Profile_Disorder|x86.ActiveCfg = Profile_Disorder|Win32
		{B4802F99-47DD-48DF-B5AC-FC18305DEC81}.Publish|x64.ActiveCfg = Debug|x64
		{B4802F99-47DD-48DF-B5AC-FC18305DEC81}.Publish|x86.ActiveCfg = Debug|Win32
		{B4802F99-47DD-48DF-B5AC-FC18305DEC81}.Publish|x86.Build.0 = Debug|Win32
		{B4802F99-47DD-48DF-B5AC-FC18305DEC81}.Release + Copy|x64.ActiveCfg = Release|x64
		{B4802F99-47DD-48DF-B5AC-FC18305DEC81}.Release + Copy|x86.ActiveCfg = Release|Win32
		{B4802F99-47DD-48DF-B5AC-FC18305DEC81}.Release + Copy|x86.Build.0 = Release|Win32
		{B4802F99-47DD-48DF-B5AC-FC18305DEC81}.Release|x64.ActiveCfg = Release|x64
		{B4802F99-47DD-48DF-B5AC-FC18305DEC81}.Release|x86.ActiveCfg = Release|Win32
	EndGlobalSection
	GlobalSection(SolutionProperties) = preSolution
		HideSolutionNode = FALSE
	EndGlobalSection
	GlobalSection(ExtensibilityGlobals) = postSolution
		SolutionGuid = {D8C2135B-3EAC-4390-A26D-C4B8A4620C52}
	EndGlobalSection
EndGlobal
