
Microsoft Visual Studio Solution File, Format Version 12.00
# Visual Studio Version 16
VisualStudioVersion = 16.0.29306.81
MinimumVisualStudioVersion = 10.0.40219.1
Project("{8BC9CEB8-8B4A-11D0-8D11-00A0C91BC942}") = "NoSpherA2", "wfn2fchk.vcxproj", "{2AB57786-36D2-4490-82E3-032F9A65CF10}"
EndProject
Project("{8BC9CEB8-8B4A-11D0-8D11-00A0C91BC942}") = "NoSpherA2_linux", "..\NoSpherA2_linux\NoSpherA2_linux.vcxproj", "{9DF56911-4827-4BEB-A536-2D058542CFB8}"
EndProject
Project("{8BC9CEB8-8B4A-11D0-8D11-00A0C91BC942}") = "NoSpherA2CUDA", "..\Windows_cuda\NoSpherA2.vcxproj", "{E8C28545-BF28-4EC6-BD08-F3131327FF86}"
EndProject
Global
	GlobalSection(SolutionConfigurationPlatforms) = preSolution
		Debug_Fchk|ARM = Debug_Fchk|ARM
		Debug_Fchk|ARM64 = Debug_Fchk|ARM64
		Debug_Fchk|x64 = Debug_Fchk|x64
		Debug_Fchk|x86 = Debug_Fchk|x86
		Debug_PDF|ARM = Debug_PDF|ARM
		Debug_PDF|ARM64 = Debug_PDF|ARM64
		Debug_PDF|x64 = Debug_PDF|x64
		Debug_PDF|x86 = Debug_PDF|x86
		Debug_SF_twin|ARM = Debug_SF_twin|ARM
		Debug_SF_twin|ARM64 = Debug_SF_twin|ARM64
		Debug_SF_twin|x64 = Debug_SF_twin|x64
		Debug_SF_twin|x86 = Debug_SF_twin|x86
		Debug_SF|ARM = Debug_SF|ARM
		Debug_SF|ARM64 = Debug_SF|ARM64
		Debug_SF|x64 = Debug_SF|x64
		Debug_SF|x86 = Debug_SF|x86
		Publish|ARM = Publish|ARM
		Publish|ARM64 = Publish|ARM64
		Publish|x64 = Publish|x64
		Publish|x86 = Publish|x86
		Release|ARM = Release|ARM
		Release|ARM64 = Release|ARM64
		Release|x64 = Release|x64
		Release|x86 = Release|x86
	EndGlobalSection
	GlobalSection(ProjectConfigurationPlatforms) = postSolution
		{2AB57786-36D2-4490-82E3-032F9A65CF10}.Debug_Fchk|ARM.ActiveCfg = Debug_Fchk|Win32
		{2AB57786-36D2-4490-82E3-032F9A65CF10}.Debug_Fchk|ARM64.ActiveCfg = Debug_Fchk|Win32
		{2AB57786-36D2-4490-82E3-032F9A65CF10}.Debug_Fchk|x64.ActiveCfg = Debug_Fchk|x64
		{2AB57786-36D2-4490-82E3-032F9A65CF10}.Debug_Fchk|x64.Build.0 = Debug_Fchk|x64
		{2AB57786-36D2-4490-82E3-032F9A65CF10}.Debug_Fchk|x86.ActiveCfg = Debug_Fchk|Win32
		{2AB57786-36D2-4490-82E3-032F9A65CF10}.Debug_Fchk|x86.Build.0 = Debug_Fchk|Win32
		{2AB57786-36D2-4490-82E3-032F9A65CF10}.Debug_PDF|ARM.ActiveCfg = Debug_PDF|Win32
		{2AB57786-36D2-4490-82E3-032F9A65CF10}.Debug_PDF|ARM64.ActiveCfg = Debug_PDF|Win32
		{2AB57786-36D2-4490-82E3-032F9A65CF10}.Debug_PDF|x64.ActiveCfg = Debug_PDF|x64
		{2AB57786-36D2-4490-82E3-032F9A65CF10}.Debug_PDF|x64.Build.0 = Debug_PDF|x64
		{2AB57786-36D2-4490-82E3-032F9A65CF10}.Debug_PDF|x86.ActiveCfg = Debug_PDF|Win32
		{2AB57786-36D2-4490-82E3-032F9A65CF10}.Debug_PDF|x86.Build.0 = Debug_PDF|Win32
		{2AB57786-36D2-4490-82E3-032F9A65CF10}.Debug_SF_twin|ARM.ActiveCfg = Debug_merge_tscs|Win32
		{2AB57786-36D2-4490-82E3-032F9A65CF10}.Debug_SF_twin|ARM64.ActiveCfg = Debug_merge_tscs|Win32
		{2AB57786-36D2-4490-82E3-032F9A65CF10}.Debug_SF_twin|x64.ActiveCfg = Debug_SFAC|x64
		{2AB57786-36D2-4490-82E3-032F9A65CF10}.Debug_SF_twin|x86.ActiveCfg = Debug_SFAC|Win32
		{2AB57786-36D2-4490-82E3-032F9A65CF10}.Debug_SF|ARM.ActiveCfg = Debug_SF|Win32
		{2AB57786-36D2-4490-82E3-032F9A65CF10}.Debug_SF|ARM64.ActiveCfg = Debug_SF|Win32
		{2AB57786-36D2-4490-82E3-032F9A65CF10}.Debug_SF|x64.ActiveCfg = Debug_SF|x64
		{2AB57786-36D2-4490-82E3-032F9A65CF10}.Debug_SF|x64.Build.0 = Debug_SF|x64
		{2AB57786-36D2-4490-82E3-032F9A65CF10}.Debug_SF|x86.ActiveCfg = Debug_SF|Win32
		{2AB57786-36D2-4490-82E3-032F9A65CF10}.Debug_SF|x86.Build.0 = Debug_SF|Win32
		{2AB57786-36D2-4490-82E3-032F9A65CF10}.Publish|ARM.ActiveCfg = Publish|Win32
		{2AB57786-36D2-4490-82E3-032F9A65CF10}.Publish|ARM64.ActiveCfg = Publish|Win32
		{2AB57786-36D2-4490-82E3-032F9A65CF10}.Publish|x64.ActiveCfg = Publish|x64
		{2AB57786-36D2-4490-82E3-032F9A65CF10}.Publish|x64.Build.0 = Publish|x64
		{2AB57786-36D2-4490-82E3-032F9A65CF10}.Publish|x86.ActiveCfg = Publish|Win32
		{2AB57786-36D2-4490-82E3-032F9A65CF10}.Publish|x86.Build.0 = Publish|Win32
		{2AB57786-36D2-4490-82E3-032F9A65CF10}.Release|ARM.ActiveCfg = Release|Win32
		{2AB57786-36D2-4490-82E3-032F9A65CF10}.Release|ARM64.ActiveCfg = Release|Win32
		{2AB57786-36D2-4490-82E3-032F9A65CF10}.Release|x64.ActiveCfg = Release|x64
		{2AB57786-36D2-4490-82E3-032F9A65CF10}.Release|x64.Build.0 = Release|x64
		{2AB57786-36D2-4490-82E3-032F9A65CF10}.Release|x86.ActiveCfg = Release|Win32
		{2AB57786-36D2-4490-82E3-032F9A65CF10}.Release|x86.Build.0 = Release|Win32
		{9DF56911-4827-4BEB-A536-2D058542CFB8}.Debug_Fchk|ARM.ActiveCfg = Debug|ARM
		{9DF56911-4827-4BEB-A536-2D058542CFB8}.Debug_Fchk|ARM.Build.0 = Debug|ARM
		{9DF56911-4827-4BEB-A536-2D058542CFB8}.Debug_Fchk|ARM.Deploy.0 = Debug|ARM
		{9DF56911-4827-4BEB-A536-2D058542CFB8}.Debug_Fchk|ARM64.ActiveCfg = Debug|ARM64
		{9DF56911-4827-4BEB-A536-2D058542CFB8}.Debug_Fchk|ARM64.Build.0 = Debug|ARM64
		{9DF56911-4827-4BEB-A536-2D058542CFB8}.Debug_Fchk|ARM64.Deploy.0 = Debug|ARM64
		{9DF56911-4827-4BEB-A536-2D058542CFB8}.Debug_Fchk|x64.ActiveCfg = Debug|x64
		{9DF56911-4827-4BEB-A536-2D058542CFB8}.Debug_Fchk|x64.Build.0 = Debug|x64
		{9DF56911-4827-4BEB-A536-2D058542CFB8}.Debug_Fchk|x64.Deploy.0 = Debug|x64
		{9DF56911-4827-4BEB-A536-2D058542CFB8}.Debug_Fchk|x86.ActiveCfg = Debug|x86
		{9DF56911-4827-4BEB-A536-2D058542CFB8}.Debug_Fchk|x86.Build.0 = Debug|x86
		{9DF56911-4827-4BEB-A536-2D058542CFB8}.Debug_Fchk|x86.Deploy.0 = Debug|x86
		{9DF56911-4827-4BEB-A536-2D058542CFB8}.Debug_PDF|ARM.ActiveCfg = Debug_PDF|ARM
		{9DF56911-4827-4BEB-A536-2D058542CFB8}.Debug_PDF|ARM.Build.0 = Debug_PDF|ARM
		{9DF56911-4827-4BEB-A536-2D058542CFB8}.Debug_PDF|ARM.Deploy.0 = Debug_PDF|ARM
		{9DF56911-4827-4BEB-A536-2D058542CFB8}.Debug_PDF|ARM64.ActiveCfg = Debug_PDF|ARM64
		{9DF56911-4827-4BEB-A536-2D058542CFB8}.Debug_PDF|ARM64.Build.0 = Debug_PDF|ARM64
		{9DF56911-4827-4BEB-A536-2D058542CFB8}.Debug_PDF|ARM64.Deploy.0 = Debug_PDF|ARM64
		{9DF56911-4827-4BEB-A536-2D058542CFB8}.Debug_PDF|x64.ActiveCfg = Debug_PDF|x64
		{9DF56911-4827-4BEB-A536-2D058542CFB8}.Debug_PDF|x64.Build.0 = Debug_PDF|x64
		{9DF56911-4827-4BEB-A536-2D058542CFB8}.Debug_PDF|x64.Deploy.0 = Debug_PDF|x64
		{9DF56911-4827-4BEB-A536-2D058542CFB8}.Debug_PDF|x86.ActiveCfg = Debug_PDF|x86
		{9DF56911-4827-4BEB-A536-2D058542CFB8}.Debug_PDF|x86.Build.0 = Debug_PDF|x86
		{9DF56911-4827-4BEB-A536-2D058542CFB8}.Debug_PDF|x86.Deploy.0 = Debug_PDF|x86
		{9DF56911-4827-4BEB-A536-2D058542CFB8}.Debug_SF_twin|ARM.ActiveCfg = Debug_PDF|ARM
		{9DF56911-4827-4BEB-A536-2D058542CFB8}.Debug_SF_twin|ARM.Build.0 = Debug_PDF|ARM
		{9DF56911-4827-4BEB-A536-2D058542CFB8}.Debug_SF_twin|ARM.Deploy.0 = Debug_PDF|ARM
		{9DF56911-4827-4BEB-A536-2D058542CFB8}.Debug_SF_twin|ARM64.ActiveCfg = Debug_PDF|ARM64
		{9DF56911-4827-4BEB-A536-2D058542CFB8}.Debug_SF_twin|ARM64.Build.0 = Debug_PDF|ARM64
		{9DF56911-4827-4BEB-A536-2D058542CFB8}.Debug_SF_twin|ARM64.Deploy.0 = Debug_PDF|ARM64
		{9DF56911-4827-4BEB-A536-2D058542CFB8}.Debug_SF_twin|x64.ActiveCfg = Debug_PDF|x64
		{9DF56911-4827-4BEB-A536-2D058542CFB8}.Debug_SF_twin|x64.Build.0 = Debug_PDF|x64
		{9DF56911-4827-4BEB-A536-2D058542CFB8}.Debug_SF_twin|x64.Deploy.0 = Debug_PDF|x64
		{9DF56911-4827-4BEB-A536-2D058542CFB8}.Debug_SF_twin|x86.ActiveCfg = Debug_PDF|x86
		{9DF56911-4827-4BEB-A536-2D058542CFB8}.Debug_SF_twin|x86.Build.0 = Debug_PDF|x86
		{9DF56911-4827-4BEB-A536-2D058542CFB8}.Debug_SF_twin|x86.Deploy.0 = Debug_PDF|x86
		{9DF56911-4827-4BEB-A536-2D058542CFB8}.Debug_SF|ARM.ActiveCfg = Debug|ARM
		{9DF56911-4827-4BEB-A536-2D058542CFB8}.Debug_SF|ARM.Build.0 = Debug|ARM
		{9DF56911-4827-4BEB-A536-2D058542CFB8}.Debug_SF|ARM.Deploy.0 = Debug|ARM
		{9DF56911-4827-4BEB-A536-2D058542CFB8}.Debug_SF|ARM64.ActiveCfg = Debug|ARM64
		{9DF56911-4827-4BEB-A536-2D058542CFB8}.Debug_SF|ARM64.Build.0 = Debug|ARM64
		{9DF56911-4827-4BEB-A536-2D058542CFB8}.Debug_SF|ARM64.Deploy.0 = Debug|ARM64
		{9DF56911-4827-4BEB-A536-2D058542CFB8}.Debug_SF|x64.ActiveCfg = Debug|x64
		{9DF56911-4827-4BEB-A536-2D058542CFB8}.Debug_SF|x64.Build.0 = Debug|x64
		{9DF56911-4827-4BEB-A536-2D058542CFB8}.Debug_SF|x64.Deploy.0 = Debug|x64
		{9DF56911-4827-4BEB-A536-2D058542CFB8}.Debug_SF|x86.ActiveCfg = Debug|x86
		{9DF56911-4827-4BEB-A536-2D058542CFB8}.Debug_SF|x86.Build.0 = Debug|x86
		{9DF56911-4827-4BEB-A536-2D058542CFB8}.Debug_SF|x86.Deploy.0 = Debug|x86
		{9DF56911-4827-4BEB-A536-2D058542CFB8}.Publish|ARM.ActiveCfg = Release|ARM
		{9DF56911-4827-4BEB-A536-2D058542CFB8}.Publish|ARM.Build.0 = Release|ARM
		{9DF56911-4827-4BEB-A536-2D058542CFB8}.Publish|ARM.Deploy.0 = Release|ARM
		{9DF56911-4827-4BEB-A536-2D058542CFB8}.Publish|ARM64.ActiveCfg = Release|ARM64
		{9DF56911-4827-4BEB-A536-2D058542CFB8}.Publish|ARM64.Build.0 = Release|ARM64
		{9DF56911-4827-4BEB-A536-2D058542CFB8}.Publish|ARM64.Deploy.0 = Release|ARM64
		{9DF56911-4827-4BEB-A536-2D058542CFB8}.Publish|x64.ActiveCfg = Release|x64
		{9DF56911-4827-4BEB-A536-2D058542CFB8}.Publish|x64.Build.0 = Release|x64
		{9DF56911-4827-4BEB-A536-2D058542CFB8}.Publish|x64.Deploy.0 = Release|x64
		{9DF56911-4827-4BEB-A536-2D058542CFB8}.Publish|x86.ActiveCfg = Release|x86
		{9DF56911-4827-4BEB-A536-2D058542CFB8}.Publish|x86.Build.0 = Release|x86
		{9DF56911-4827-4BEB-A536-2D058542CFB8}.Publish|x86.Deploy.0 = Release|x86
		{9DF56911-4827-4BEB-A536-2D058542CFB8}.Release|ARM.ActiveCfg = Release|ARM
		{9DF56911-4827-4BEB-A536-2D058542CFB8}.Release|ARM.Build.0 = Release|ARM
		{9DF56911-4827-4BEB-A536-2D058542CFB8}.Release|ARM.Deploy.0 = Release|ARM
		{9DF56911-4827-4BEB-A536-2D058542CFB8}.Release|ARM64.ActiveCfg = Release|ARM64
		{9DF56911-4827-4BEB-A536-2D058542CFB8}.Release|ARM64.Build.0 = Release|ARM64
		{9DF56911-4827-4BEB-A536-2D058542CFB8}.Release|ARM64.Deploy.0 = Release|ARM64
		{9DF56911-4827-4BEB-A536-2D058542CFB8}.Release|x64.ActiveCfg = Release|x64
		{9DF56911-4827-4BEB-A536-2D058542CFB8}.Release|x64.Build.0 = Release|x64
		{9DF56911-4827-4BEB-A536-2D058542CFB8}.Release|x64.Deploy.0 = Release|x64
		{9DF56911-4827-4BEB-A536-2D058542CFB8}.Release|x86.ActiveCfg = Release|x86
		{9DF56911-4827-4BEB-A536-2D058542CFB8}.Release|x86.Build.0 = Release|x86
		{9DF56911-4827-4BEB-A536-2D058542CFB8}.Release|x86.Deploy.0 = Release|x86
		{E8C28545-BF28-4EC6-BD08-F3131327FF86}.Debug_Fchk|ARM.ActiveCfg = Debug|Win32
		{E8C28545-BF28-4EC6-BD08-F3131327FF86}.Debug_Fchk|ARM64.ActiveCfg = Debug|Win32
		{E8C28545-BF28-4EC6-BD08-F3131327FF86}.Debug_Fchk|x64.ActiveCfg = Debug|x64
		{E8C28545-BF28-4EC6-BD08-F3131327FF86}.Debug_Fchk|x64.Build.0 = Debug|x64
		{E8C28545-BF28-4EC6-BD08-F3131327FF86}.Debug_Fchk|x86.ActiveCfg = Debug|Win32
		{E8C28545-BF28-4EC6-BD08-F3131327FF86}.Debug_Fchk|x86.Build.0 = Debug|Win32
		{E8C28545-BF28-4EC6-BD08-F3131327FF86}.Debug_PDF|ARM.ActiveCfg = Debug_PDF|Win32
		{E8C28545-BF28-4EC6-BD08-F3131327FF86}.Debug_PDF|ARM64.ActiveCfg = Debug_PDF|Win32
		{E8C28545-BF28-4EC6-BD08-F3131327FF86}.Debug_PDF|x64.ActiveCfg = Debug_PDF|x64
		{E8C28545-BF28-4EC6-BD08-F3131327FF86}.Debug_PDF|x64.Build.0 = Debug_PDF|x64
		{E8C28545-BF28-4EC6-BD08-F3131327FF86}.Debug_PDF|x86.ActiveCfg = Debug_PDF|Win32
		{E8C28545-BF28-4EC6-BD08-F3131327FF86}.Debug_PDF|x86.Build.0 = Debug_PDF|Win32
		{E8C28545-BF28-4EC6-BD08-F3131327FF86}.Debug_SF_twin|ARM.ActiveCfg = Debug_SF_twin|Win32
		{E8C28545-BF28-4EC6-BD08-F3131327FF86}.Debug_SF_twin|ARM64.ActiveCfg = Debug_SF_twin|Win32
		{E8C28545-BF28-4EC6-BD08-F3131327FF86}.Debug_SF_twin|x64.ActiveCfg = Debug_SF_twin|x64
		{E8C28545-BF28-4EC6-BD08-F3131327FF86}.Debug_SF_twin|x64.Build.0 = Debug_SF_twin|x64
		{E8C28545-BF28-4EC6-BD08-F3131327FF86}.Debug_SF_twin|x86.ActiveCfg = Debug_SF_twin|Win32
		{E8C28545-BF28-4EC6-BD08-F3131327FF86}.Debug_SF_twin|x86.Build.0 = Debug_SF_twin|Win32
		{E8C28545-BF28-4EC6-BD08-F3131327FF86}.Debug_SF|ARM.ActiveCfg = Debug_SF|Win32
		{E8C28545-BF28-4EC6-BD08-F3131327FF86}.Debug_SF|ARM64.ActiveCfg = Debug_SF|Win32
		{E8C28545-BF28-4EC6-BD08-F3131327FF86}.Debug_SF|x64.ActiveCfg = Debug_SF|x64
		{E8C28545-BF28-4EC6-BD08-F3131327FF86}.Debug_SF|x64.Build.0 = Debug_SF|x64
		{E8C28545-BF28-4EC6-BD08-F3131327FF86}.Debug_SF|x86.ActiveCfg = Debug_SF|Win32
		{E8C28545-BF28-4EC6-BD08-F3131327FF86}.Debug_SF|x86.Build.0 = Debug_SF|Win32
		{E8C28545-BF28-4EC6-BD08-F3131327FF86}.Publish|ARM.ActiveCfg = Publish|Win32
		{E8C28545-BF28-4EC6-BD08-F3131327FF86}.Publish|ARM64.ActiveCfg = Publish|Win32
		{E8C28545-BF28-4EC6-BD08-F3131327FF86}.Publish|x64.ActiveCfg = Publish|x64
		{E8C28545-BF28-4EC6-BD08-F3131327FF86}.Publish|x64.Build.0 = Publish|x64
		{E8C28545-BF28-4EC6-BD08-F3131327FF86}.Publish|x86.ActiveCfg = Publish|Win32
		{E8C28545-BF28-4EC6-BD08-F3131327FF86}.Publish|x86.Build.0 = Publish|Win32
		{E8C28545-BF28-4EC6-BD08-F3131327FF86}.Release|ARM.ActiveCfg = Release|Win32
		{E8C28545-BF28-4EC6-BD08-F3131327FF86}.Release|ARM64.ActiveCfg = Release|Win32
		{E8C28545-BF28-4EC6-BD08-F3131327FF86}.Release|x64.ActiveCfg = Release|x64
		{E8C28545-BF28-4EC6-BD08-F3131327FF86}.Release|x64.Build.0 = Release|x64
		{E8C28545-BF28-4EC6-BD08-F3131327FF86}.Release|x86.ActiveCfg = Release|Win32
		{E8C28545-BF28-4EC6-BD08-F3131327FF86}.Release|x86.Build.0 = Release|Win32
	EndGlobalSection
	GlobalSection(SolutionProperties) = preSolution
		HideSolutionNode = FALSE
	EndGlobalSection
	GlobalSection(ExtensibilityGlobals) = postSolution
		SolutionGuid = {D8C2135B-3EAC-4390-A26D-C4B8A4620C52}
	EndGlobalSection
EndGlobal
