<?xml version="1.0" encoding="utf-8"?>
<Project ToolsVersion="4.0" xmlns="http://schemas.microsoft.com/developer/msbuild/2003">
  <ItemGroup>
    <Filter Include="Quelldateien">
      <UniqueIdentifier>{4FC737F1-C7A5-4376-A066-2A32D752A2FF}</UniqueIdentifier>
      <Extensions>cpp;c;cc;cxx;def;odl;idl;hpj;bat;asm;asmx</Extensions>
    </Filter>
    <Filter Include="Headerdateien">
      <UniqueIdentifier>{93995380-89BD-4b04-88EB-625FBE52EBFB}</UniqueIdentifier>
      <Extensions>h;hh;hpp;hxx;hm;inl;inc;ipp;xsd</Extensions>
    </Filter>
    <Filter Include="Ressourcendateien">
      <UniqueIdentifier>{67DA6AB6-F800-4c08-8B7A-83BB121AAD01}</UniqueIdentifier>
      <Extensions>rc;ico;cur;bmp;dlg;rc2;rct;bin;rgs;gif;jpg;jpeg;jpe;resx;tiff;tif;png;wav;mfcribbon-ms</Extensions>
    </Filter>
  </ItemGroup>
  <ItemGroup>
    <ClCompile Include="../AtomGrid.cpp">
      <Filter>Quelldateien</Filter>
    </ClCompile>
    <ClCompile Include="../basis_set.cpp">
      <Filter>Quelldateien</Filter>
    </ClCompile>
    <ClCompile Include="../becke_partitioning.cpp">
      <Filter>Quelldateien</Filter>
    </ClCompile>
    <ClCompile Include="../convenience.cpp">
      <Filter>Quelldateien</Filter>
    </ClCompile>
    <ClCompile Include="../cube.cpp">
      <Filter>Quelldateien</Filter>
    </ClCompile>
    <ClCompile Include="../fchk.cpp">
      <Filter>Quelldateien</Filter>
    </ClCompile>
    <ClCompile Include="../grid_radial.cpp">
      <Filter>Quelldateien</Filter>
    </ClCompile>
    <ClCompile Include="../mo_class.cpp">
      <Filter>Quelldateien</Filter>
    </ClCompile>
    <ClCompile Include="../sphere_lebedev_rule.cpp">
      <Filter>Quelldateien</Filter>
    </ClCompile>
    <ClCompile Include="../structure_factors.cpp">
      <Filter>Quelldateien</Filter>
    </ClCompile>
    <ClCompile Include="../wfn_class.cpp">
      <Filter>Quelldateien</Filter>
    </ClCompile>
    <ClCompile Include="..\properties.cpp">
      <Filter>Quelldateien</Filter>
    </ClCompile>
    <ClCompile Include="..\NoSpherA2.cpp">
      <Filter>Quelldateien</Filter>
    </ClCompile>
    <ClCompile Include="..\spherical_density.cpp">
      <Filter>Quelldateien</Filter>
    </ClCompile>
  </ItemGroup>
  <ItemGroup>
    <ClInclude Include="../AtomGrid.h">
      <Filter>Headerdateien</Filter>
    </ClInclude>
    <ClInclude Include="../atoms.h">
      <Filter>Headerdateien</Filter>
    </ClInclude>
    <ClInclude Include="../basis_set.h">
      <Filter>Headerdateien</Filter>
    </ClInclude>
    <ClInclude Include="../becke_partitioning.h">
      <Filter>Headerdateien</Filter>
    </ClInclude>
    <ClInclude Include="../convenience.h">
      <Filter>Headerdateien</Filter>
    </ClInclude>
    <ClInclude Include="../cube.h">
      <Filter>Headerdateien</Filter>
    </ClInclude>
    <ClInclude Include="../error_handling.h">
      <Filter>Headerdateien</Filter>
    </ClInclude>
    <ClInclude Include="../fchk.h">
      <Filter>Headerdateien</Filter>
    </ClInclude>
    <ClInclude Include="../grid_radial.h">
      <Filter>Headerdateien</Filter>
    </ClInclude>
    <ClInclude Include="../mo_class.h">
      <Filter>Headerdateien</Filter>
    </ClInclude>
    <ClInclude Include="../parameters.h">
      <Filter>Headerdateien</Filter>
    </ClInclude>
    <ClInclude Include="../sphere_lebedev_rule.h">
      <Filter>Headerdateien</Filter>
    </ClInclude>
    <ClInclude Include="../structure_factors.h">
      <Filter>Headerdateien</Filter>
    </ClInclude>
    <ClInclude Include="../wfn_class.h">
      <Filter>Headerdateien</Filter>
    </ClInclude>
    <ClInclude Include="..\properties.h">
      <Filter>Headerdateien</Filter>
    </ClInclude>
    <ClInclude Include="..\spherical_density.h">
      <Filter>Headerdateien</Filter>
    </ClInclude>
  </ItemGroup>
</Project>