<?xml version="1.0" encoding="utf-8"?>
<Project ToolsVersion="4.0" xmlns="http://schemas.microsoft.com/developer/msbuild/2003">
  <ItemGroup>
    <Filter Include="Quelldateien">
      <UniqueIdentifier>{4FC737F1-C7A5-4376-A066-2A32D752A2FF}</UniqueIdentifier>
      <Extensions>cpp;c;cc;cxx;def;odl;idl;hpj;bat;asm;asmx</Extensions>
    </Filter>
    <Filter Include="Headerdateien">
      <UniqueIdentifier>{93995380-89BD-4b04-88EB-625FBE52EBFB}</UniqueIdentifier>
      <Extensions>h;hh;hpp;hxx;hm;inl;inc;ipp;xsd</Extensions>
    </Filter>
    <Filter Include="Ressourcendateien">
      <UniqueIdentifier>{67DA6AB6-F800-4c08-8B7A-83BB121AAD01}</UniqueIdentifier>
      <Extensions>rc;ico;cur;bmp;dlg;rc2;rct;bin;rgs;gif;jpg;jpeg;jpe;resx;tiff;tif;png;wav;mfcribbon-ms</Extensions>
    </Filter>
  </ItemGroup>
  <ItemGroup>
    <ClCompile Include="../Src/AtomGrid.cpp">
      <Filter>Quelldateien</Filter>
    </ClCompile>
    <ClCompile Include="../Src/basis_set.cpp">
      <Filter>Quelldateien</Filter>
    </ClCompile>
    <ClCompile Include="../Src/convenience.cpp">
      <Filter>Quelldateien</Filter>
    </ClCompile>
    <ClCompile Include="../Src/cube.cpp">
      <Filter>Quelldateien</Filter>
    </ClCompile>
    <ClCompile Include="../Src/fchk.cpp">
      <Filter>Quelldateien</Filter>
    </ClCompile>
    <ClCompile Include="../Src/sphere_lebedev_rule.cpp">
      <Filter>Quelldateien</Filter>
    </ClCompile>
    <ClCompile Include="../Src/structure_factors.cpp">
      <Filter>Quelldateien</Filter>
    </ClCompile>
    <ClCompile Include="../Src/wfn_class.cpp">
      <Filter>Quelldateien</Filter>
    </ClCompile>
    <ClCompile Include="../Src/properties.cpp">
      <Filter>Quelldateien</Filter>
    </ClCompile>
    <ClCompile Include="../Src/NoSpherA2.cpp">
      <Filter>Quelldateien</Filter>
    </ClCompile>
    <ClCompile Include="../Src/spherical_density.cpp">
      <Filter>Quelldateien</Filter>
    </ClCompile>
  </ItemGroup>
  <ItemGroup>
    <ClInclude Include="../Src/AtomGrid.h">
      <Filter>Headerdateien</Filter>
    </ClInclude>
    <ClInclude Include="../Src/atoms.h">
      <Filter>Headerdateien</Filter>
    </ClInclude>
    <ClInclude Include="../Src/basis_set.h">
      <Filter>Headerdateien</Filter>
    </ClInclude>
    <ClInclude Include="../Src/convenience.h">
      <Filter>Headerdateien</Filter>
    </ClInclude>
    <ClInclude Include="../Src/cube.h">
      <Filter>Headerdateien</Filter>
    </ClInclude>
    <ClInclude Include="../Src/fchk.h">
      <Filter>Headerdateien</Filter>
    </ClInclude>
    <ClInclude Include="../Src/mo_class.h">
      <Filter>Headerdateien</Filter>
    </ClInclude>
    <ClInclude Include="../Src/sphere_lebedev_rule.h">
      <Filter>Headerdateien</Filter>
    </ClInclude>
    <ClInclude Include="../Src/structure_factors.h">
      <Filter>Headerdateien</Filter>
    </ClInclude>
    <ClInclude Include="../Src/wfn_class.h">
      <Filter>Headerdateien</Filter>
    </ClInclude>
    <ClInclude Include="../Src/properties.h">
      <Filter>Headerdateien</Filter>
    </ClInclude>
    <ClInclude Include="../Src/spherical_density.h">
      <Filter>Headerdateien</Filter>
    </ClInclude>
    <ClInclude Include="../Src/cell.h">
      <Filter>Headerdateien</Filter>
    </ClInclude>
    <ClInclude Include="../Src/tsc_block.h">
      <Filter>Headerdateien</Filter>
    </ClInclude>
    <ClInclude Include="../Src/CUDA_utilities.h">
      <Filter>Headerdateien</Filter>
    </ClInclude>
    <ClInclude Include="../Src/test_functions.h">
      <Filter>Headerdateien</Filter>
    </ClInclude>
    <ClInclude Include="../Src/npy.h">
      <Filter>Headerdateien</Filter>
    </ClInclude>
    <ClInclude Include="../Src/Thakkar_coefs.h">
      <Filter>Headerdateien</Filter>
    </ClInclude>
    <ClInclude Include="../Src/def2-ECPs.h">
      <Filter>Headerdateien</Filter>
    </ClInclude>
  </ItemGroup>
  <ItemGroup>
    <None Include="..\.github\workflows\c-cpp_all.yml">
      <Filter>Ressourcendateien</Filter>
    </None>
    <None Include="..\Mac\makefile">
      <Filter>Ressourcendateien</Filter>
    </None>
    <None Include="..\Linux\makefile">
      <Filter>Ressourcendateien</Filter>
    </None>
    <None Include="..\.github\workflows\codeql-analysis.yml">
      <Filter>Ressourcendateien</Filter>
    </None>
    <None Include="..\tests\makefile">
      <Filter>Ressourcendateien</Filter>
    </None>
  </ItemGroup>
</Project>